// !$*UTF8*$!
{
	archiveVersion = 1;
	classes = {
	};
	objectVersion = 46;
	objects = {

/* Begin PBXBuildFile section */
		0546D1A38E13BD319CC9755B /* OscReceivedElements.cpp in Sources */ = {isa = PBXBuildFile; fileRef = 9BF3AA0D4FAA89D0F8A0E545 /* OscReceivedElements.cpp */; };
		083FB2094A4DE99F5A60397A /* maxiMFCC.cpp in Sources */ = {isa = PBXBuildFile; fileRef = 440B2B891BD019685EF360B8 /* maxiMFCC.cpp */; };
		0BFC9C20FD7E3C8D5873AA97 /* ofxMidiIn.cpp in Sources */ = {isa = PBXBuildFile; fileRef = 3DD359247F3ED1550D8BB5C9 /* ofxMidiIn.cpp */; };
		0E0963B78414BE0BC4F882BD /* INF_MIDI.cpp in Sources */ = {isa = PBXBuildFile; fileRef = 9414F8EC99B87D560BA598C6 /* INF_MIDI.cpp */; };
		0FCED26D40D46CF89A58E54C /* fft.cpp in Sources */ = {isa = PBXBuildFile; fileRef = F3C78E7AB53E01022E9374A3 /* fft.cpp */; };
		1A86B7721CAEBC6F1C572C45 /* ofxBaseMidi.cpp in Sources */ = {isa = PBXBuildFile; fileRef = 94B3C3C21F92F9310CA90986 /* ofxBaseMidi.cpp */; };
		1BCC11164A407DD91096C68C /* DatIndex.cpp in Sources */ = {isa = PBXBuildFile; fileRef = 7A38E9C2B2D99A1E32148449 /* DatIndex.cpp */; };
		1CD33E884D9E3358252E82A1 /* ofxToggle.cpp in Sources */ = {isa = PBXBuildFile; fileRef = 907C5B5E104864A2D3A25745 /* ofxToggle.cpp */; };
		22F21CE3B902225374BA1CA2 /* maximilian.cpp in Sources */ = {isa = PBXBuildFile; fileRef = 87D3A0051CCB2C0F0ECA139E /* maximilian.cpp */; };
		26BCE1BAC12EDDA81570F8AB /* circleStep.cpp in Sources */ = {isa = PBXBuildFile; fileRef = B165337A72AED32E4D60AA05 /* circleStep.cpp */; };
		35FE521EC5F2C509C0449BF1 /* CircleButton.cpp in Sources */ = {isa = PBXBuildFile; fileRef = 68A91892A6BDCC0F278922E1 /* CircleButton.cpp */; };
		3AEFE4FA8AD5C72671AD07F8 /* ofxRtMidiOut.cpp in Sources */ = {isa = PBXBuildFile; fileRef = 712B183BC00EBFFB1EEA5AB8 /* ofxRtMidiOut.cpp */; };
		46BB97E01D3BED7600129993 /* INF_Controls.cpp in Sources */ = {isa = PBXBuildFile; fileRef = 46BB97DE1D3BED7600129993 /* INF_Controls.cpp */; };
		46E849071D48076C0068B18D /* INF_Transport.cpp in Sources */ = {isa = PBXBuildFile; fileRef = 46E849051D48076C0068B18D /* INF_Transport.cpp */; };
		483908258D00B98B4BE69F07 /* ofxLabel.cpp in Sources */ = {isa = PBXBuildFile; fileRef = 78D67A00EB899FAC09430597 /* ofxLabel.cpp */; };
		4ADB88E2FB52E76A471065DE /* ofxOscParameterSync.cpp in Sources */ = {isa = PBXBuildFile; fileRef = 0AED834CE4DEC5260AF302A2 /* ofxOscParameterSync.cpp */; };
		510CAFE035E576A4E1502D52 /* UdpSocket.cpp in Sources */ = {isa = PBXBuildFile; fileRef = E6DEF695B88BA5FAACEAA937 /* UdpSocket.cpp */; };
		5864AD82E20F15536D054EA3 /* ofxOscMessage.cpp in Sources */ = {isa = PBXBuildFile; fileRef = DF49D76C45D5DB505A234880 /* ofxOscMessage.cpp */; };
		5C4A4AA5D4784DF23EA43038 /* maxiAtoms.cpp in Sources */ = {isa = PBXBuildFile; fileRef = 1EFA3ACBB8D16CC0DA1E79C6 /* maxiAtoms.cpp */; };
		5CBB2AB3A60F65431D7B555D /* ofxButton.cpp in Sources */ = {isa = PBXBuildFile; fileRef = C88333E71C9457E441C33474 /* ofxButton.cpp */; };
		62545D179C94265CA1389D4A /* OscOutboundPacketStream.cpp in Sources */ = {isa = PBXBuildFile; fileRef = 63A47AC60FFAFC3BF093EC0F /* OscOutboundPacketStream.cpp */; };
		631702104AFC104323A9EB79 /* CoreMIDI.framework in Frameworks */ = {isa = PBXBuildFile; fileRef = 81AC32CCCB56FAABA3E1BDE0 /* CoreMIDI.framework */; };
		63D0FD8734D5760B8080C901 /* RtMidi.cpp in Sources */ = {isa = PBXBuildFile; fileRef = ABDEF0ACF05BF28F5C74E008 /* RtMidi.cpp */; };
		63F9FE1D90234FA6DE6F509E /* ofxMidi.cpp in Sources */ = {isa = PBXBuildFile; fileRef = E238CCDE032640E0FEBFAD82 /* ofxMidi.cpp */; };
		640279EE111671BD026CB013 /* ofxOscReceiver.cpp in Sources */ = {isa = PBXBuildFile; fileRef = C2FAC65C491D4231379F3298 /* ofxOscReceiver.cpp */; };
		67FE4C7B15C2F0478C8126C2 /* NetworkingUtils.cpp in Sources */ = {isa = PBXBuildFile; fileRef = 3B361208CD4107E479F04E7B /* NetworkingUtils.cpp */; };
		72A929D3561B8232A182ABFC /* ofxOscBundle.cpp in Sources */ = {isa = PBXBuildFile; fileRef = 65EEFA3DA3526E9CDD9C21F9 /* ofxOscBundle.cpp */; };
		7CBEBDDA0EBAF5D13FD01AE5 /* INF_Module.cpp in Sources */ = {isa = PBXBuildFile; fileRef = AC43C195D22AA0AEE501EB46 /* INF_Module.cpp */; };
		7D196664847FA74E1A3A5F48 /* INF_OSC.cpp in Sources */ = {isa = PBXBuildFile; fileRef = A7099F8563F986F38D7BDE3A /* INF_OSC.cpp */; };
		837220E80EB56CD44AD27F2A /* ofxSlider.cpp in Sources */ = {isa = PBXBuildFile; fileRef = 15F2C6477A769C03A56D1401 /* ofxSlider.cpp */; };
		83D9F930112E0944444124EE /* ofxMidiOut.cpp in Sources */ = {isa = PBXBuildFile; fileRef = 04F77E5C73A62E2E77C78EC6 /* ofxMidiOut.cpp */; };
		840A58883380B43C41B86786 /* Bjorklund.cpp in Sources */ = {isa = PBXBuildFile; fileRef = 855E91FD53DF7F1F965CD390 /* Bjorklund.cpp */; };
		856AA354D08AB4B323081444 /* ofxBaseGui.cpp in Sources */ = {isa = PBXBuildFile; fileRef = 9604B925D32EE39065747725 /* ofxBaseGui.cpp */; };
		879A251454401BC0B6E4F238 /* OscTypes.cpp in Sources */ = {isa = PBXBuildFile; fileRef = D9BFFBBF4CC43DEE890B3C3E /* OscTypes.cpp */; };
		8F5205AEF8861EF234F0651A /* ofxOscSender.cpp in Sources */ = {isa = PBXBuildFile; fileRef = 81967292BFC87A0144BD32C6 /* ofxOscSender.cpp */; };
		9514C2D90467055B1447D074 /* stb_vorbis.c in Sources */ = {isa = PBXBuildFile; fileRef = 80CD68E0DDF2C60D2715CC78 /* stb_vorbis.c */; };
		96084990AF216648B8B98E00 /* maxiFFT.cpp in Sources */ = {isa = PBXBuildFile; fileRef = 6A4EE0E35ED739A31CD0153E /* maxiFFT.cpp */; };
		9CF4130A7E6DA19A3DC42B9A /* ofxSmartFont.cpp in Sources */ = {isa = PBXBuildFile; fileRef = C954E0E8B7DB9D6983309883 /* ofxSmartFont.cpp */; };
		ABA8875AF0C06690CC0B92B1 /* maxiBark.cpp in Sources */ = {isa = PBXBuildFile; fileRef = 9B9936002B519C1290F25FEC /* maxiBark.cpp */; };
		ADE367465D2A8EBAD4C7A8D9 /* IpEndpointName.cpp in Sources */ = {isa = PBXBuildFile; fileRef = ADD194746185E2DA11468377 /* IpEndpointName.cpp */; };
		AF0580829426DC6BCA135A5C /* maxiGrains.cpp in Sources */ = {isa = PBXBuildFile; fileRef = 9D2FB19B70632A6F86622D94 /* maxiGrains.cpp */; };
		B266578FC55D23BFEBC042E7 /* ofxGuiGroup.cpp in Sources */ = {isa = PBXBuildFile; fileRef = ECF8674C7975F1063C5E30CA /* ofxGuiGroup.cpp */; };
		B56FE57CC35806596D38118C /* ofxSliderGroup.cpp in Sources */ = {isa = PBXBuildFile; fileRef = 802251BAF1B35B1D67B32FD0 /* ofxSliderGroup.cpp */; };
		BCC8D420CBA9217E437D2D76 /* ofxRtMidiIn.cpp in Sources */ = {isa = PBXBuildFile; fileRef = F634AA6CA2E3C60F3B87B59A /* ofxRtMidiIn.cpp */; };
		C4782ECC372420ACE0615B74 /* OscPrintReceivedElements.cpp in Sources */ = {isa = PBXBuildFile; fileRef = BC8881B3C8C0A1C45F042E7A /* OscPrintReceivedElements.cpp */; };
		C6FE64F74F1EA1D98C8F9847 /* ofxMidiMessage.cpp in Sources */ = {isa = PBXBuildFile; fileRef = C0E7EDA67EDF213FC0E83D17 /* ofxMidiMessage.cpp */; };
		C9466C434D1CF8AB968D298D /* ofxDatGui.cpp in Sources */ = {isa = PBXBuildFile; fileRef = 26490D7CC31EF7D6ED5F925A /* ofxDatGui.cpp */; };
		D3C1C48E59CAA2D68C0DD477 /* ofxDatGuiComponent.cpp in Sources */ = {isa = PBXBuildFile; fileRef = 1A3E3B8F332A1A3C7EDF4998 /* ofxDatGuiComponent.cpp */; };
		DB46EA1E362BDB1441A2BD84 /* RoundedButton.cpp in Sources */ = {isa = PBXBuildFile; fileRef = 41D2D13F01658E2E8F8EAE0E /* RoundedButton.cpp */; };
		E4328149138ABC9F0047C5CB /* openFrameworksDebug.a in Frameworks */ = {isa = PBXBuildFile; fileRef = E4328148138ABC890047C5CB /* openFrameworksDebug.a */; };
		E4B69E200A3A1BDC003C02F2 /* main.cpp in Sources */ = {isa = PBXBuildFile; fileRef = E4B69E1D0A3A1BDC003C02F2 /* main.cpp */; };
		E4B69E210A3A1BDC003C02F2 /* ofApp.cpp in Sources */ = {isa = PBXBuildFile; fileRef = E4B69E1E0A3A1BDC003C02F2 /* ofApp.cpp */; };
		F285EB3169F1566CA3D93C20 /* ofxPanel.cpp in Sources */ = {isa = PBXBuildFile; fileRef = E112B3AEBEA2C091BF2B40AE /* ofxPanel.cpp */; };
		FF27ABB6A62C3CFD0CE7FBD4 /* Dat_Docker.cpp in Sources */ = {isa = PBXBuildFile; fileRef = 4448415E40740409C6DAEB22 /* Dat_Docker.cpp */; };
/* End PBXBuildFile section */

/* Begin PBXContainerItemProxy section */
		E4328147138ABC890047C5CB /* PBXContainerItemProxy */ = {
			isa = PBXContainerItemProxy;
			containerPortal = E4328143138ABC890047C5CB /* openFrameworksLib.xcodeproj */;
			proxyType = 2;
			remoteGlobalIDString = E4B27C1510CBEB8E00536013;
			remoteInfo = openFrameworks;
		};
		E4EEB9AB138B136A00A80321 /* PBXContainerItemProxy */ = {
			isa = PBXContainerItemProxy;
			containerPortal = E4328143138ABC890047C5CB /* openFrameworksLib.xcodeproj */;
			proxyType = 1;
			remoteGlobalIDString = E4B27C1410CBEB8E00536013;
			remoteInfo = openFrameworks;
		};
/* End PBXContainerItemProxy section */

/* Begin PBXCopyFilesBuildPhase section */
		E4C2427710CC5ABF004149E2 /* CopyFiles */ = {
			isa = PBXCopyFilesBuildPhase;
			buildActionMask = 2147483647;
			dstPath = "";
			dstSubfolderSpec = 10;
			files = (
			);
			runOnlyForDeploymentPostprocessing = 0;
		};
/* End PBXCopyFilesBuildPhase section */

/* Begin PBXFileReference section */
		00D6D32B84B099226431108C /* ofxOsc.h */ = {isa = PBXFileReference; explicitFileType = sourcecode.c.h; fileEncoding = 30; name = ofxOsc.h; path = ../../../addons/ofxOsc/src/ofxOsc.h; sourceTree = SOURCE_ROOT; };
		029684CF678F70F6D3537A29 /* OscOutboundPacketStream.h */ = {isa = PBXFileReference; explicitFileType = sourcecode.c.h; fileEncoding = 30; name = OscOutboundPacketStream.h; path = ../../../addons/ofxOsc/libs/oscpack/src/osc/OscOutboundPacketStream.h; sourceTree = SOURCE_ROOT; };
		04C339FF9ADCF05DF2DA62A3 /* ofxDatGuiTextInputField.h */ = {isa = PBXFileReference; explicitFileType = sourcecode.c.h; fileEncoding = 30; name = ofxDatGuiTextInputField.h; path = ../../../addons/ofxDatGui/src/components/ofxDatGuiTextInputField.h; sourceTree = SOURCE_ROOT; };
		04F77E5C73A62E2E77C78EC6 /* ofxMidiOut.cpp */ = {isa = PBXFileReference; explicitFileType = sourcecode.cpp.cpp; fileEncoding = 30; name = ofxMidiOut.cpp; path = ../../../addons/ofxMidi/src/ofxMidiOut.cpp; sourceTree = SOURCE_ROOT; };
		05F6CF127D4A621113D4A62F /* ofxMidi.h */ = {isa = PBXFileReference; explicitFileType = sourcecode.c.h; fileEncoding = 30; name = ofxMidi.h; path = ../../../addons/ofxMidi/src/ofxMidi.h; sourceTree = SOURCE_ROOT; };
		08B4D373327B759468249F7E /* ofxCenteredTrueTypeFont.h */ = {isa = PBXFileReference; explicitFileType = sourcecode.c.h; fileEncoding = 30; name = ofxCenteredTrueTypeFont.h; path = ../../../addons/ofxCenteredTrueTypeFont/src/ofxCenteredTrueTypeFont.h; sourceTree = SOURCE_ROOT; };
		0A1DAC09F322AE313A40706D /* ofxToggle.h */ = {isa = PBXFileReference; explicitFileType = sourcecode.c.h; fileEncoding = 30; name = ofxToggle.h; path = ../../../addons/ofxGui/src/ofxToggle.h; sourceTree = SOURCE_ROOT; };
		0A42C807BEF3A18E8E105A3B /* ofxDatGuiTimeGraph.h */ = {isa = PBXFileReference; explicitFileType = sourcecode.c.h; fileEncoding = 30; name = ofxDatGuiTimeGraph.h; path = ../../../addons/ofxDatGui/src/components/ofxDatGuiTimeGraph.h; sourceTree = SOURCE_ROOT; };
		0AED834CE4DEC5260AF302A2 /* ofxOscParameterSync.cpp */ = {isa = PBXFileReference; explicitFileType = sourcecode.cpp.cpp; fileEncoding = 30; name = ofxOscParameterSync.cpp; path = ../../../addons/ofxOsc/src/ofxOscParameterSync.cpp; sourceTree = SOURCE_ROOT; };
		15F2C6477A769C03A56D1401 /* ofxSlider.cpp */ = {isa = PBXFileReference; explicitFileType = sourcecode.cpp.cpp; fileEncoding = 30; name = ofxSlider.cpp; path = ../../../addons/ofxGui/src/ofxSlider.cpp; sourceTree = SOURCE_ROOT; };
		17E65988300FBD9AAA2CD0CA /* ofxGui.h */ = {isa = PBXFileReference; explicitFileType = sourcecode.c.h; fileEncoding = 30; name = ofxGui.h; path = ../../../addons/ofxGui/src/ofxGui.h; sourceTree = SOURCE_ROOT; };
		1A3E3B8F332A1A3C7EDF4998 /* ofxDatGuiComponent.cpp */ = {isa = PBXFileReference; explicitFileType = sourcecode.cpp.cpp; fileEncoding = 30; name = ofxDatGuiComponent.cpp; path = ../../../addons/ofxDatGui/src/core/ofxDatGuiComponent.cpp; sourceTree = SOURCE_ROOT; };
		1C0DA2561397A7DE0246858B /* ofxGuiGroup.h */ = {isa = PBXFileReference; explicitFileType = sourcecode.c.h; fileEncoding = 30; name = ofxGuiGroup.h; path = ../../../addons/ofxGui/src/ofxGuiGroup.h; sourceTree = SOURCE_ROOT; };
		1EFA3ACBB8D16CC0DA1E79C6 /* maxiAtoms.cpp */ = {isa = PBXFileReference; explicitFileType = sourcecode.cpp.cpp; fileEncoding = 30; name = maxiAtoms.cpp; path = ../../../addons/ofxMaxim/libs/maxiAtoms.cpp; sourceTree = SOURCE_ROOT; };
		208298154B11456DCD0BE131 /* ofxRtMidiIn.h */ = {isa = PBXFileReference; explicitFileType = sourcecode.c.h; fileEncoding = 30; name = ofxRtMidiIn.h; path = ../../../addons/ofxMidi/src/desktop/ofxRtMidiIn.h; sourceTree = SOURCE_ROOT; };
		20F35AFADAF0068B067E713F /* OscReceivedElements.h */ = {isa = PBXFileReference; explicitFileType = sourcecode.c.h; fileEncoding = 30; name = OscReceivedElements.h; path = ../../../addons/ofxOsc/libs/oscpack/src/osc/OscReceivedElements.h; sourceTree = SOURCE_ROOT; };
		21E1E3071CB7B11914428B62 /* ofxDatGuiThemes.h */ = {isa = PBXFileReference; explicitFileType = sourcecode.c.h; fileEncoding = 30; name = ofxDatGuiThemes.h; path = ../../../addons/ofxDatGui/src/themes/ofxDatGuiThemes.h; sourceTree = SOURCE_ROOT; };
		23640F57DF6C4BB6BFC5DA4C /* PacketListener.h */ = {isa = PBXFileReference; explicitFileType = sourcecode.c.h; fileEncoding = 30; name = PacketListener.h; path = ../../../addons/ofxOsc/libs/oscpack/src/ip/PacketListener.h; sourceTree = SOURCE_ROOT; };
		26490D7CC31EF7D6ED5F925A /* ofxDatGui.cpp */ = {isa = PBXFileReference; explicitFileType = sourcecode.cpp.cpp; fileEncoding = 30; name = ofxDatGui.cpp; path = ../../../addons/ofxDatGui/src/ofxDatGui.cpp; sourceTree = SOURCE_ROOT; };
		2834D88A62CD23F3DE2C47D1 /* ofxButton.h */ = {isa = PBXFileReference; explicitFileType = sourcecode.c.h; fileEncoding = 30; name = ofxButton.h; path = ../../../addons/ofxGui/src/ofxButton.h; sourceTree = SOURCE_ROOT; };
		2FD4B0329909D3527F003494 /* UdpSocket.h */ = {isa = PBXFileReference; explicitFileType = sourcecode.c.h; fileEncoding = 30; name = UdpSocket.h; path = ../../../addons/ofxOsc/libs/oscpack/src/ip/UdpSocket.h; sourceTree = SOURCE_ROOT; };
		3011F25AEA908AF8C13EECEC /* CircleButton.h */ = {isa = PBXFileReference; explicitFileType = sourcecode.c.h; fileEncoding = 30; name = CircleButton.h; path = src/CircleButton.h; sourceTree = SOURCE_ROOT; };
		3B361208CD4107E479F04E7B /* NetworkingUtils.cpp */ = {isa = PBXFileReference; explicitFileType = sourcecode.cpp.cpp; fileEncoding = 30; name = NetworkingUtils.cpp; path = ../../../addons/ofxOsc/libs/oscpack/src/ip/posix/NetworkingUtils.cpp; sourceTree = SOURCE_ROOT; };
		3DD359247F3ED1550D8BB5C9 /* ofxMidiIn.cpp */ = {isa = PBXFileReference; explicitFileType = sourcecode.cpp.cpp; fileEncoding = 30; name = ofxMidiIn.cpp; path = ../../../addons/ofxMidi/src/ofxMidiIn.cpp; sourceTree = SOURCE_ROOT; };
		3F64FC64F2B9A3BDFC5DDC55 /* INF_Utils.h */ = {isa = PBXFileReference; explicitFileType = sourcecode.c.h; fileEncoding = 30; name = INF_Utils.h; path = src/INF_Utils.h; sourceTree = SOURCE_ROOT; };
		406489C76FF642F0D7A5F7BD /* Dat_Docker.h */ = {isa = PBXFileReference; explicitFileType = sourcecode.c.h; fileEncoding = 30; name = Dat_Docker.h; path = src/Dat_Docker.h; sourceTree = SOURCE_ROOT; };
		41D2D13F01658E2E8F8EAE0E /* RoundedButton.cpp */ = {isa = PBXFileReference; explicitFileType = sourcecode.cpp.cpp; fileEncoding = 30; name = RoundedButton.cpp; path = src/RoundedButton.cpp; sourceTree = SOURCE_ROOT; };
		422C4E1AAC7EC4D30B17702D /* ofxDatGuiIntObject.h */ = {isa = PBXFileReference; explicitFileType = sourcecode.c.h; fileEncoding = 30; name = ofxDatGuiIntObject.h; path = ../../../addons/ofxDatGui/src/core/ofxDatGuiIntObject.h; sourceTree = SOURCE_ROOT; };
		4310BEFDE24FF04FEBEE8086 /* ofxBaseMidi.h */ = {isa = PBXFileReference; explicitFileType = sourcecode.c.h; fileEncoding = 30; name = ofxBaseMidi.h; path = ../../../addons/ofxMidi/src/ofxBaseMidi.h; sourceTree = SOURCE_ROOT; };
		440B2B891BD019685EF360B8 /* maxiMFCC.cpp */ = {isa = PBXFileReference; explicitFileType = sourcecode.cpp.cpp; fileEncoding = 30; name = maxiMFCC.cpp; path = ../../../addons/ofxMaxim/libs/maxiMFCC.cpp; sourceTree = SOURCE_ROOT; };
		444657A12E59D0ED86981498 /* TimerListener.h */ = {isa = PBXFileReference; explicitFileType = sourcecode.c.h; fileEncoding = 30; name = TimerListener.h; path = ../../../addons/ofxOsc/libs/oscpack/src/ip/TimerListener.h; sourceTree = SOURCE_ROOT; };
		4448415E40740409C6DAEB22 /* Dat_Docker.cpp */ = {isa = PBXFileReference; explicitFileType = sourcecode.cpp.cpp; fileEncoding = 30; name = Dat_Docker.cpp; path = src/Dat_Docker.cpp; sourceTree = SOURCE_ROOT; };
		46BB97DD1D3BE2F500129993 /* ButtonEvent.h */ = {isa = PBXFileReference; lastKnownFileType = sourcecode.c.h; path = ButtonEvent.h; sourceTree = "<group>"; };
		46BB97DE1D3BED7600129993 /* INF_Controls.cpp */ = {isa = PBXFileReference; fileEncoding = 4; lastKnownFileType = sourcecode.cpp.cpp; path = INF_Controls.cpp; sourceTree = "<group>"; };
		46BB97DF1D3BED7600129993 /* INF_Controls.hpp */ = {isa = PBXFileReference; fileEncoding = 4; lastKnownFileType = sourcecode.cpp.h; path = INF_Controls.hpp; sourceTree = "<group>"; };
		46E162266356FA3B71A5C741 /* DatButton.h */ = {isa = PBXFileReference; explicitFileType = sourcecode.c.h; fileEncoding = 30; name = DatButton.h; path = src/DatButton.h; sourceTree = SOURCE_ROOT; };
		46E849051D48076C0068B18D /* INF_Transport.cpp */ = {isa = PBXFileReference; fileEncoding = 4; lastKnownFileType = sourcecode.cpp.cpp; path = INF_Transport.cpp; sourceTree = "<group>"; };
		46E849061D48076C0068B18D /* INF_Transport.h */ = {isa = PBXFileReference; fileEncoding = 4; lastKnownFileType = sourcecode.c.h; path = INF_Transport.h; sourceTree = "<group>"; };
		470CF04F1D4D1B38D5AA1797 /* ofxRtMidiOut.h */ = {isa = PBXFileReference; explicitFileType = sourcecode.c.h; fileEncoding = 30; name = ofxRtMidiOut.h; path = ../../../addons/ofxMidi/src/desktop/ofxRtMidiOut.h; sourceTree = SOURCE_ROOT; };
		48974F980F51769171D0B2F5 /* IpEndpointName.h */ = {isa = PBXFileReference; explicitFileType = sourcecode.c.h; fileEncoding = 30; name = IpEndpointName.h; path = ../../../addons/ofxOsc/libs/oscpack/src/ip/IpEndpointName.h; sourceTree = SOURCE_ROOT; };
		4CFB659E40D3D3DC5A3E9478 /* maxiGrains.h */ = {isa = PBXFileReference; explicitFileType = sourcecode.c.h; fileEncoding = 30; name = maxiGrains.h; path = ../../../addons/ofxMaxim/libs/maxiGrains.h; sourceTree = SOURCE_ROOT; };
		4E95FB446A9C9C6F0DE12D75 /* OscPrintReceivedElements.h */ = {isa = PBXFileReference; explicitFileType = sourcecode.c.h; fileEncoding = 30; name = OscPrintReceivedElements.h; path = ../../../addons/ofxOsc/libs/oscpack/src/osc/OscPrintReceivedElements.h; sourceTree = SOURCE_ROOT; };
		52AFA1F08C420992CAAAE648 /* ofxSlider.h */ = {isa = PBXFileReference; explicitFileType = sourcecode.c.h; fileEncoding = 30; name = ofxSlider.h; path = ../../../addons/ofxGui/src/ofxSlider.h; sourceTree = SOURCE_ROOT; };
		545BBA6F6669BED2DA497BC6 /* ofxDatGuiScrollView.h */ = {isa = PBXFileReference; explicitFileType = sourcecode.c.h; fileEncoding = 30; name = ofxDatGuiScrollView.h; path = ../../../addons/ofxDatGui/src/components/ofxDatGuiScrollView.h; sourceTree = SOURCE_ROOT; };
		57E998CF210A3C7DC57CDF19 /* INF_Module.h */ = {isa = PBXFileReference; explicitFileType = sourcecode.c.h; fileEncoding = 30; name = INF_Module.h; path = src/INF_Module.h; sourceTree = SOURCE_ROOT; };
		5DCEB274CD80AE5980E8937D /* circleStep.h */ = {isa = PBXFileReference; explicitFileType = sourcecode.c.h; fileEncoding = 30; name = circleStep.h; path = src/circleStep.h; sourceTree = SOURCE_ROOT; };
		63A47AC60FFAFC3BF093EC0F /* OscOutboundPacketStream.cpp */ = {isa = PBXFileReference; explicitFileType = sourcecode.cpp.cpp; fileEncoding = 30; name = OscOutboundPacketStream.cpp; path = ../../../addons/ofxOsc/libs/oscpack/src/osc/OscOutboundPacketStream.cpp; sourceTree = SOURCE_ROOT; };
		64C563B8158C37E9D07AE29D /* ofxDatGuiFRM.h */ = {isa = PBXFileReference; explicitFileType = sourcecode.c.h; fileEncoding = 30; name = ofxDatGuiFRM.h; path = ../../../addons/ofxDatGui/src/components/ofxDatGuiFRM.h; sourceTree = SOURCE_ROOT; };
		65EEFA3DA3526E9CDD9C21F9 /* ofxOscBundle.cpp */ = {isa = PBXFileReference; explicitFileType = sourcecode.cpp.cpp; fileEncoding = 30; name = ofxOscBundle.cpp; path = ../../../addons/ofxOsc/src/ofxOscBundle.cpp; sourceTree = SOURCE_ROOT; };
		68A91892A6BDCC0F278922E1 /* CircleButton.cpp */ = {isa = PBXFileReference; explicitFileType = sourcecode.cpp.cpp; fileEncoding = 30; name = CircleButton.cpp; path = src/CircleButton.cpp; sourceTree = SOURCE_ROOT; };
		6A4EE0E35ED739A31CD0153E /* maxiFFT.cpp */ = {isa = PBXFileReference; explicitFileType = sourcecode.cpp.cpp; fileEncoding = 30; name = maxiFFT.cpp; path = ../../../addons/ofxMaxim/libs/maxiFFT.cpp; sourceTree = SOURCE_ROOT; };
		6B65E6930994CC4B2D2B8B33 /* OscPacketListener.h */ = {isa = PBXFileReference; explicitFileType = sourcecode.c.h; fileEncoding = 30; name = OscPacketListener.h; path = ../../../addons/ofxOsc/libs/oscpack/src/osc/OscPacketListener.h; sourceTree = SOURCE_ROOT; };
		712B183BC00EBFFB1EEA5AB8 /* ofxRtMidiOut.cpp */ = {isa = PBXFileReference; explicitFileType = sourcecode.cpp.cpp; fileEncoding = 30; name = ofxRtMidiOut.cpp; path = ../../../addons/ofxMidi/src/desktop/ofxRtMidiOut.cpp; sourceTree = SOURCE_ROOT; };
		73E544A78A886271F37556E4 /* INF_MIDI.h */ = {isa = PBXFileReference; explicitFileType = sourcecode.c.h; fileEncoding = 30; name = INF_MIDI.h; path = src/INF_MIDI.h; sourceTree = SOURCE_ROOT; };
		744031A3E8F8DAF9FE6F3EA8 /* ofxDatGuiGroups.h */ = {isa = PBXFileReference; explicitFileType = sourcecode.c.h; fileEncoding = 30; name = ofxDatGuiGroups.h; path = ../../../addons/ofxDatGui/src/components/ofxDatGuiGroups.h; sourceTree = SOURCE_ROOT; };
		7689F8A0F3D0B7635A8C3104 /* ofxOscArg.h */ = {isa = PBXFileReference; explicitFileType = sourcecode.c.h; fileEncoding = 30; name = ofxOscArg.h; path = ../../../addons/ofxOsc/src/ofxOscArg.h; sourceTree = SOURCE_ROOT; };
		787315438BF1DD00C81DF413 /* ofxDatGuiLabel.h */ = {isa = PBXFileReference; explicitFileType = sourcecode.c.h; fileEncoding = 30; name = ofxDatGuiLabel.h; path = ../../../addons/ofxDatGui/src/components/ofxDatGuiLabel.h; sourceTree = SOURCE_ROOT; };
		78D67A00EB899FAC09430597 /* ofxLabel.cpp */ = {isa = PBXFileReference; explicitFileType = sourcecode.cpp.cpp; fileEncoding = 30; name = ofxLabel.cpp; path = ../../../addons/ofxGui/src/ofxLabel.cpp; sourceTree = SOURCE_ROOT; };
		7A38E9C2B2D99A1E32148449 /* DatIndex.cpp */ = {isa = PBXFileReference; explicitFileType = sourcecode.cpp.cpp; fileEncoding = 30; name = DatIndex.cpp; path = src/DatIndex.cpp; sourceTree = SOURCE_ROOT; };
		7D2CBAA6529BCE46CA661E02 /* maxiAtoms.h */ = {isa = PBXFileReference; explicitFileType = sourcecode.c.h; fileEncoding = 30; name = maxiAtoms.h; path = ../../../addons/ofxMaxim/libs/maxiAtoms.h; sourceTree = SOURCE_ROOT; };
		802251BAF1B35B1D67B32FD0 /* ofxSliderGroup.cpp */ = {isa = PBXFileReference; explicitFileType = sourcecode.cpp.cpp; fileEncoding = 30; name = ofxSliderGroup.cpp; path = ../../../addons/ofxGui/src/ofxSliderGroup.cpp; sourceTree = SOURCE_ROOT; };
		80CD68E0DDF2C60D2715CC78 /* stb_vorbis.c */ = {isa = PBXFileReference; explicitFileType = sourcecode.c.c; fileEncoding = 30; name = stb_vorbis.c; path = ../../../addons/ofxMaxim/libs/stb_vorbis.c; sourceTree = SOURCE_ROOT; };
		81436E53CC4A77E326F659C3 /* ofxMidiOut.h */ = {isa = PBXFileReference; explicitFileType = sourcecode.c.h; fileEncoding = 30; name = ofxMidiOut.h; path = ../../../addons/ofxMidi/src/ofxMidiOut.h; sourceTree = SOURCE_ROOT; };
		81967292BFC87A0144BD32C6 /* ofxOscSender.cpp */ = {isa = PBXFileReference; explicitFileType = sourcecode.cpp.cpp; fileEncoding = 30; name = ofxOscSender.cpp; path = ../../../addons/ofxOsc/src/ofxOscSender.cpp; sourceTree = SOURCE_ROOT; };
		81AC32CCCB56FAABA3E1BDE0 /* CoreMIDI.framework */ = {isa = PBXFileReference; lastKnownFileType = wrapper.framework; name = CoreMIDI.framework; path = /System/Library/Frameworks/CoreMIDI.framework; sourceTree = "<group>"; };
		855E91FD53DF7F1F965CD390 /* Bjorklund.cpp */ = {isa = PBXFileReference; explicitFileType = sourcecode.cpp.cpp; fileEncoding = 30; name = Bjorklund.cpp; path = src/Bjorklund.cpp; sourceTree = SOURCE_ROOT; };
		85ACE15C3C663588C685C4C4 /* RoundedButton.h */ = {isa = PBXFileReference; explicitFileType = sourcecode.c.h; fileEncoding = 30; name = RoundedButton.h; path = src/RoundedButton.h; sourceTree = SOURCE_ROOT; };
		87D3A0051CCB2C0F0ECA139E /* maximilian.cpp */ = {isa = PBXFileReference; explicitFileType = sourcecode.cpp.cpp; fileEncoding = 30; name = maximilian.cpp; path = ../../../addons/ofxMaxim/libs/maximilian.cpp; sourceTree = SOURCE_ROOT; };
		87F26B4B24CBD428AD9EEBAA /* ofxBaseGui.h */ = {isa = PBXFileReference; explicitFileType = sourcecode.c.h; fileEncoding = 30; name = ofxBaseGui.h; path = ../../../addons/ofxGui/src/ofxBaseGui.h; sourceTree = SOURCE_ROOT; };
		89449E3044D456F7DE7BEA14 /* ofxPanel.h */ = {isa = PBXFileReference; explicitFileType = sourcecode.c.h; fileEncoding = 30; name = ofxPanel.h; path = ../../../addons/ofxGui/src/ofxPanel.h; sourceTree = SOURCE_ROOT; };
		896211FFD7650884437CE42C /* ofxSmartFont.h */ = {isa = PBXFileReference; explicitFileType = sourcecode.c.h; fileEncoding = 30; name = ofxSmartFont.h; path = ../../../addons/ofxDatGui/src/libs/ofxSmartFont/ofxSmartFont.h; sourceTree = SOURCE_ROOT; };
		8B30E93FD3D3475EED522A0E /* ofxOscBundle.h */ = {isa = PBXFileReference; explicitFileType = sourcecode.c.h; fileEncoding = 30; name = ofxOscBundle.h; path = ../../../addons/ofxOsc/src/ofxOscBundle.h; sourceTree = SOURCE_ROOT; };
		8C75AFC8774A62495DD53464 /* ofxOscReceiver.h */ = {isa = PBXFileReference; explicitFileType = sourcecode.c.h; fileEncoding = 30; name = ofxOscReceiver.h; path = ../../../addons/ofxOsc/src/ofxOscReceiver.h; sourceTree = SOURCE_ROOT; };
		902724601B82C6AD81BBCD71 /* ofxDatGui2dPad.h */ = {isa = PBXFileReference; explicitFileType = sourcecode.c.h; fileEncoding = 30; name = ofxDatGui2dPad.h; path = ../../../addons/ofxDatGui/src/components/ofxDatGui2dPad.h; sourceTree = SOURCE_ROOT; };
		907C5B5E104864A2D3A25745 /* ofxToggle.cpp */ = {isa = PBXFileReference; explicitFileType = sourcecode.cpp.cpp; fileEncoding = 30; name = ofxToggle.cpp; path = ../../../addons/ofxGui/src/ofxToggle.cpp; sourceTree = SOURCE_ROOT; };
		9312F3864ED05FC3E847FF69 /* ofxMaxim.h */ = {isa = PBXFileReference; explicitFileType = sourcecode.c.h; fileEncoding = 30; name = ofxMaxim.h; path = ../../../addons/ofxMaxim/src/ofxMaxim.h; sourceTree = SOURCE_ROOT; };
		938214A2795AA8FED29086DB /* ofxMidiConstants.h */ = {isa = PBXFileReference; explicitFileType = sourcecode.c.h; fileEncoding = 30; name = ofxMidiConstants.h; path = ../../../addons/ofxMidi/src/ofxMidiConstants.h; sourceTree = SOURCE_ROOT; };
		9414F8EC99B87D560BA598C6 /* INF_MIDI.cpp */ = {isa = PBXFileReference; explicitFileType = sourcecode.cpp.cpp; fileEncoding = 30; name = INF_MIDI.cpp; path = src/INF_MIDI.cpp; sourceTree = SOURCE_ROOT; };
		94B3C3C21F92F9310CA90986 /* ofxBaseMidi.cpp */ = {isa = PBXFileReference; explicitFileType = sourcecode.cpp.cpp; fileEncoding = 30; name = ofxBaseMidi.cpp; path = ../../../addons/ofxMidi/src/ofxBaseMidi.cpp; sourceTree = SOURCE_ROOT; };
		95C3AC11BE0AC7EC464D2A36 /* maximilian.h */ = {isa = PBXFileReference; explicitFileType = sourcecode.c.h; fileEncoding = 30; name = maximilian.h; path = ../../../addons/ofxMaxim/libs/maximilian.h; sourceTree = SOURCE_ROOT; };
		9604B925D32EE39065747725 /* ofxBaseGui.cpp */ = {isa = PBXFileReference; explicitFileType = sourcecode.cpp.cpp; fileEncoding = 30; name = ofxBaseGui.cpp; path = ../../../addons/ofxGui/src/ofxBaseGui.cpp; sourceTree = SOURCE_ROOT; };
		9705D66270ED89ECA6E6FECE /* ofxDatGui.h */ = {isa = PBXFileReference; explicitFileType = sourcecode.c.h; fileEncoding = 30; name = ofxDatGui.h; path = ../../../addons/ofxDatGui/src/ofxDatGui.h; sourceTree = SOURCE_ROOT; };
		9B08360F51D393EF2685DFC4 /* DatPanel.h */ = {isa = PBXFileReference; explicitFileType = sourcecode.c.h; fileEncoding = 30; name = DatPanel.h; path = src/DatPanel.h; sourceTree = SOURCE_ROOT; };
		9B5051062C6A871714E6F5F4 /* ofxDatGuiConstants.h */ = {isa = PBXFileReference; explicitFileType = sourcecode.c.h; fileEncoding = 30; name = ofxDatGuiConstants.h; path = ../../../addons/ofxDatGui/src/core/ofxDatGuiConstants.h; sourceTree = SOURCE_ROOT; };
		9B9936002B519C1290F25FEC /* maxiBark.cpp */ = {isa = PBXFileReference; explicitFileType = sourcecode.cpp.cpp; fileEncoding = 30; name = maxiBark.cpp; path = ../../../addons/ofxMaxim/libs/maxiBark.cpp; sourceTree = SOURCE_ROOT; };
		9BF3AA0D4FAA89D0F8A0E545 /* OscReceivedElements.cpp */ = {isa = PBXFileReference; explicitFileType = sourcecode.cpp.cpp; fileEncoding = 30; name = OscReceivedElements.cpp; path = ../../../addons/ofxOsc/libs/oscpack/src/osc/OscReceivedElements.cpp; sourceTree = SOURCE_ROOT; };
		9D2FB19B70632A6F86622D94 /* maxiGrains.cpp */ = {isa = PBXFileReference; explicitFileType = sourcecode.cpp.cpp; fileEncoding = 30; name = maxiGrains.cpp; path = ../../../addons/ofxMaxim/libs/maxiGrains.cpp; sourceTree = SOURCE_ROOT; };
		9D46FE36305D9C3E285A92A7 /* INF_OSC.h */ = {isa = PBXFileReference; explicitFileType = sourcecode.c.h; fileEncoding = 30; name = INF_OSC.h; path = src/INF_OSC.h; sourceTree = SOURCE_ROOT; };
		9F7986DC4EB05E75FCE2C777 /* ofxOscSender.h */ = {isa = PBXFileReference; explicitFileType = sourcecode.c.h; fileEncoding = 30; name = ofxOscSender.h; path = ../../../addons/ofxOsc/src/ofxOscSender.h; sourceTree = SOURCE_ROOT; };
		A2AAA8CA403479E6FCDF920E /* OscHostEndianness.h */ = {isa = PBXFileReference; explicitFileType = sourcecode.c.h; fileEncoding = 30; name = OscHostEndianness.h; path = ../../../addons/ofxOsc/libs/oscpack/src/osc/OscHostEndianness.h; sourceTree = SOURCE_ROOT; };
		A67372B9CAED43269F8D42D3 /* maxiBark.h */ = {isa = PBXFileReference; explicitFileType = sourcecode.c.h; fileEncoding = 30; name = maxiBark.h; path = ../../../addons/ofxMaxim/libs/maxiBark.h; sourceTree = SOURCE_ROOT; };
		A7099F8563F986F38D7BDE3A /* INF_OSC.cpp */ = {isa = PBXFileReference; explicitFileType = sourcecode.cpp.cpp; fileEncoding = 30; name = INF_OSC.cpp; path = src/INF_OSC.cpp; sourceTree = SOURCE_ROOT; };
		A8793707281FD436C34316A5 /* RtMidi.h */ = {isa = PBXFileReference; explicitFileType = sourcecode.c.h; fileEncoding = 30; name = RtMidi.h; path = ../../../addons/ofxMidi/libs/rtmidi/RtMidi.h; sourceTree = SOURCE_ROOT; };
		ABDEF0ACF05BF28F5C74E008 /* RtMidi.cpp */ = {isa = PBXFileReference; explicitFileType = sourcecode.cpp.cpp; fileEncoding = 30; name = RtMidi.cpp; path = ../../../addons/ofxMidi/libs/rtmidi/RtMidi.cpp; sourceTree = SOURCE_ROOT; };
		AC43C195D22AA0AEE501EB46 /* INF_Module.cpp */ = {isa = PBXFileReference; explicitFileType = sourcecode.cpp.cpp; fileEncoding = 30; name = INF_Module.cpp; path = src/INF_Module.cpp; sourceTree = SOURCE_ROOT; };
		ACC6A2486A65B7A38E7E927E /* OSC_Note.h */ = {isa = PBXFileReference; explicitFileType = sourcecode.c.h; fileEncoding = 30; name = OSC_Note.h; path = src/OSC_Note.h; sourceTree = SOURCE_ROOT; };
		ADD194746185E2DA11468377 /* IpEndpointName.cpp */ = {isa = PBXFileReference; explicitFileType = sourcecode.cpp.cpp; fileEncoding = 30; name = IpEndpointName.cpp; path = ../../../addons/ofxOsc/libs/oscpack/src/ip/IpEndpointName.cpp; sourceTree = SOURCE_ROOT; };
		AE335EB4709BFD4671EEAC84 /* MessageMappingOscPacketListener.h */ = {isa = PBXFileReference; explicitFileType = sourcecode.c.h; fileEncoding = 30; name = MessageMappingOscPacketListener.h; path = ../../../addons/ofxOsc/libs/oscpack/src/osc/MessageMappingOscPacketListener.h; sourceTree = SOURCE_ROOT; };
		B165337A72AED32E4D60AA05 /* circleStep.cpp */ = {isa = PBXFileReference; explicitFileType = sourcecode.cpp.cpp; fileEncoding = 30; name = circleStep.cpp; path = src/circleStep.cpp; sourceTree = SOURCE_ROOT; };
		B2F326FA07783558EF3CDD2A /* stb_vorbis.h */ = {isa = PBXFileReference; explicitFileType = sourcecode.c.h; fileEncoding = 30; name = stb_vorbis.h; path = ../../../addons/ofxMaxim/libs/stb_vorbis.h; sourceTree = SOURCE_ROOT; };
		B31C608870ECEB2490A93736 /* ofxOscParameterSync.h */ = {isa = PBXFileReference; explicitFileType = sourcecode.c.h; fileEncoding = 30; name = ofxOscParameterSync.h; path = ../../../addons/ofxOsc/src/ofxOscParameterSync.h; sourceTree = SOURCE_ROOT; };
		B34D3539DB6F889A78540F7C /* sineTable.h */ = {isa = PBXFileReference; explicitFileType = sourcecode.c.h; fileEncoding = 30; name = sineTable.h; path = ../../../addons/ofxMaxim/libs/sineTable.h; sourceTree = SOURCE_ROOT; };
		B498F0559F473CF855EF6062 /* ofxDatGuiTheme.h */ = {isa = PBXFileReference; explicitFileType = sourcecode.c.h; fileEncoding = 30; name = ofxDatGuiTheme.h; path = ../../../addons/ofxDatGui/src/themes/ofxDatGuiTheme.h; sourceTree = SOURCE_ROOT; };
		B521B9FB89CB5F8B4D047B66 /* Note.h */ = {isa = PBXFileReference; explicitFileType = sourcecode.c.h; fileEncoding = 30; name = Note.h; path = src/Note.h; sourceTree = SOURCE_ROOT; };
		B76FA489151DBAF1616DF378 /* ofxMidiIn.h */ = {isa = PBXFileReference; explicitFileType = sourcecode.c.h; fileEncoding = 30; name = ofxMidiIn.h; path = ../../../addons/ofxMidi/src/ofxMidiIn.h; sourceTree = SOURCE_ROOT; };
		B87C60311EC1FE841C1ECD89 /* ofxLabel.h */ = {isa = PBXFileReference; explicitFileType = sourcecode.c.h; fileEncoding = 30; name = ofxLabel.h; path = ../../../addons/ofxGui/src/ofxLabel.h; sourceTree = SOURCE_ROOT; };
		BA5114869056DFF1A50CFA4A /* fft.h */ = {isa = PBXFileReference; explicitFileType = sourcecode.c.h; fileEncoding = 30; name = fft.h; path = ../../../addons/ofxMaxim/libs/fft.h; sourceTree = SOURCE_ROOT; };
		BC8881B3C8C0A1C45F042E7A /* OscPrintReceivedElements.cpp */ = {isa = PBXFileReference; explicitFileType = sourcecode.cpp.cpp; fileEncoding = 30; name = OscPrintReceivedElements.cpp; path = ../../../addons/ofxOsc/libs/oscpack/src/osc/OscPrintReceivedElements.cpp; sourceTree = SOURCE_ROOT; };
		BCC84C6EB3417706F4F762F0 /* ofxDatGuiComponent.h */ = {isa = PBXFileReference; explicitFileType = sourcecode.c.h; fileEncoding = 30; name = ofxDatGuiComponent.h; path = ../../../addons/ofxDatGui/src/core/ofxDatGuiComponent.h; sourceTree = SOURCE_ROOT; };
		BD0E7AC8BE205034D5B377A6 /* ofxMidiMessage.h */ = {isa = PBXFileReference; explicitFileType = sourcecode.c.h; fileEncoding = 30; name = ofxMidiMessage.h; path = ../../../addons/ofxMidi/src/ofxMidiMessage.h; sourceTree = SOURCE_ROOT; };
		C085A33340AB0C1DB647AC2F /* ofxDatGuiTextInput.h */ = {isa = PBXFileReference; explicitFileType = sourcecode.c.h; fileEncoding = 30; name = ofxDatGuiTextInput.h; path = ../../../addons/ofxDatGui/src/components/ofxDatGuiTextInput.h; sourceTree = SOURCE_ROOT; };
		C0E7EDA67EDF213FC0E83D17 /* ofxMidiMessage.cpp */ = {isa = PBXFileReference; explicitFileType = sourcecode.cpp.cpp; fileEncoding = 30; name = ofxMidiMessage.cpp; path = ../../../addons/ofxMidi/src/ofxMidiMessage.cpp; sourceTree = SOURCE_ROOT; };
		C2FAC65C491D4231379F3298 /* ofxOscReceiver.cpp */ = {isa = PBXFileReference; explicitFileType = sourcecode.cpp.cpp; fileEncoding = 30; name = ofxOscReceiver.cpp; path = ../../../addons/ofxOsc/src/ofxOscReceiver.cpp; sourceTree = SOURCE_ROOT; };
		C58862C6D212C8E8A83810F4 /* ofxOscMessage.h */ = {isa = PBXFileReference; explicitFileType = sourcecode.c.h; fileEncoding = 30; name = ofxOscMessage.h; path = ../../../addons/ofxOsc/src/ofxOscMessage.h; sourceTree = SOURCE_ROOT; };
		C6937888E126BADC8777423B /* OscTypes.h */ = {isa = PBXFileReference; explicitFileType = sourcecode.c.h; fileEncoding = 30; name = OscTypes.h; path = ../../../addons/ofxOsc/libs/oscpack/src/osc/OscTypes.h; sourceTree = SOURCE_ROOT; };
		C70D8946940288799E82131E /* ofxSliderGroup.h */ = {isa = PBXFileReference; explicitFileType = sourcecode.c.h; fileEncoding = 30; name = ofxSliderGroup.h; path = ../../../addons/ofxGui/src/ofxSliderGroup.h; sourceTree = SOURCE_ROOT; };
		C84ED7FCC017328C6F58283D /* ofxDatGuiColorPicker.h */ = {isa = PBXFileReference; explicitFileType = sourcecode.c.h; fileEncoding = 30; name = ofxDatGuiColorPicker.h; path = ../../../addons/ofxDatGui/src/components/ofxDatGuiColorPicker.h; sourceTree = SOURCE_ROOT; };
		C88333E71C9457E441C33474 /* ofxButton.cpp */ = {isa = PBXFileReference; explicitFileType = sourcecode.cpp.cpp; fileEncoding = 30; name = ofxButton.cpp; path = ../../../addons/ofxGui/src/ofxButton.cpp; sourceTree = SOURCE_ROOT; };
		C954E0E8B7DB9D6983309883 /* ofxSmartFont.cpp */ = {isa = PBXFileReference; explicitFileType = sourcecode.cpp.cpp; fileEncoding = 30; name = ofxSmartFont.cpp; path = ../../../addons/ofxDatGui/src/libs/ofxSmartFont/ofxSmartFont.cpp; sourceTree = SOURCE_ROOT; };
		CDF7278CB636137FE7BF91A5 /* ofxDatGuiMatrix.h */ = {isa = PBXFileReference; explicitFileType = sourcecode.c.h; fileEncoding = 30; name = ofxDatGuiMatrix.h; path = ../../../addons/ofxDatGui/src/components/ofxDatGuiMatrix.h; sourceTree = SOURCE_ROOT; };
		D0D6A66BEBA820EA1D396889 /* ofxDatGuiSlider.h */ = {isa = PBXFileReference; explicitFileType = sourcecode.c.h; fileEncoding = 30; name = ofxDatGuiSlider.h; path = ../../../addons/ofxDatGui/src/components/ofxDatGuiSlider.h; sourceTree = SOURCE_ROOT; };
		D1C864AE2FE539BE7FD1F628 /* maxiMFCC.h */ = {isa = PBXFileReference; explicitFileType = sourcecode.c.h; fileEncoding = 30; name = maxiMFCC.h; path = ../../../addons/ofxMaxim/libs/maxiMFCC.h; sourceTree = SOURCE_ROOT; };
		D9BFFBBF4CC43DEE890B3C3E /* OscTypes.cpp */ = {isa = PBXFileReference; explicitFileType = sourcecode.cpp.cpp; fileEncoding = 30; name = OscTypes.cpp; path = ../../../addons/ofxOsc/libs/oscpack/src/osc/OscTypes.cpp; sourceTree = SOURCE_ROOT; };
		DEF8405D8D9D8A9F362138B2 /* Bjorklund.h */ = {isa = PBXFileReference; explicitFileType = sourcecode.c.h; fileEncoding = 30; name = Bjorklund.h; path = src/Bjorklund.h; sourceTree = SOURCE_ROOT; };
		DF49D76C45D5DB505A234880 /* ofxOscMessage.cpp */ = {isa = PBXFileReference; explicitFileType = sourcecode.cpp.cpp; fileEncoding = 30; name = ofxOscMessage.cpp; path = ../../../addons/ofxOsc/src/ofxOscMessage.cpp; sourceTree = SOURCE_ROOT; };
		E100ED9DCB412957A879CD5A /* ofxDatGuiControls.h */ = {isa = PBXFileReference; explicitFileType = sourcecode.c.h; fileEncoding = 30; name = ofxDatGuiControls.h; path = ../../../addons/ofxDatGui/src/components/ofxDatGuiControls.h; sourceTree = SOURCE_ROOT; };
		E112B3AEBEA2C091BF2B40AE /* ofxPanel.cpp */ = {isa = PBXFileReference; explicitFileType = sourcecode.cpp.cpp; fileEncoding = 30; name = ofxPanel.cpp; path = ../../../addons/ofxGui/src/ofxPanel.cpp; sourceTree = SOURCE_ROOT; };
		E16BB73D19DD0713FDCC7986 /* ofxMidiTypes.h */ = {isa = PBXFileReference; explicitFileType = sourcecode.c.h; fileEncoding = 30; name = ofxMidiTypes.h; path = ../../../addons/ofxMidi/src/ofxMidiTypes.h; sourceTree = SOURCE_ROOT; };
		E238CCDE032640E0FEBFAD82 /* ofxMidi.cpp */ = {isa = PBXFileReference; explicitFileType = sourcecode.cpp.cpp; fileEncoding = 30; name = ofxMidi.cpp; path = ../../../addons/ofxMidi/src/ofxMidi.cpp; sourceTree = SOURCE_ROOT; };
		E4328143138ABC890047C5CB /* openFrameworksLib.xcodeproj */ = {isa = PBXFileReference; lastKnownFileType = "wrapper.pb-project"; name = openFrameworksLib.xcodeproj; path = ../../../libs/openFrameworksCompiled/project/osx/openFrameworksLib.xcodeproj; sourceTree = SOURCE_ROOT; };
		E4B69B5B0A3A1756003C02F2 /* Infinite_Machine_AlphaDebug.app */ = {isa = PBXFileReference; explicitFileType = wrapper.application; includeInIndex = 0; path = Infinite_Machine_AlphaDebug.app; sourceTree = BUILT_PRODUCTS_DIR; };
		E4B69E1D0A3A1BDC003C02F2 /* main.cpp */ = {isa = PBXFileReference; fileEncoding = 30; lastKnownFileType = sourcecode.cpp.cpp; name = main.cpp; path = src/main.cpp; sourceTree = SOURCE_ROOT; };
		E4B69E1E0A3A1BDC003C02F2 /* ofApp.cpp */ = {isa = PBXFileReference; explicitFileType = sourcecode.cpp.cpp; fileEncoding = 30; name = ofApp.cpp; path = src/ofApp.cpp; sourceTree = SOURCE_ROOT; };
		E4B69E1F0A3A1BDC003C02F2 /* ofApp.h */ = {isa = PBXFileReference; fileEncoding = 30; lastKnownFileType = sourcecode.c.h; name = ofApp.h; path = src/ofApp.h; sourceTree = SOURCE_ROOT; };
		E4B6FCAD0C3E899E008CF71C /* openFrameworks-Info.plist */ = {isa = PBXFileReference; fileEncoding = 30; lastKnownFileType = text.plist.xml; path = "openFrameworks-Info.plist"; sourceTree = "<group>"; };
		E4EB691F138AFCF100A09F29 /* CoreOF.xcconfig */ = {isa = PBXFileReference; fileEncoding = 4; lastKnownFileType = text.xcconfig; name = CoreOF.xcconfig; path = ../../../libs/openFrameworksCompiled/project/osx/CoreOF.xcconfig; sourceTree = SOURCE_ROOT; };
		E4EB6923138AFD0F00A09F29 /* Project.xcconfig */ = {isa = PBXFileReference; fileEncoding = 4; lastKnownFileType = text.xcconfig; path = Project.xcconfig; sourceTree = "<group>"; };
		E6DEF695B88BA5FAACEAA937 /* UdpSocket.cpp */ = {isa = PBXFileReference; explicitFileType = sourcecode.cpp.cpp; fileEncoding = 30; name = UdpSocket.cpp; path = ../../../addons/ofxOsc/libs/oscpack/src/ip/posix/UdpSocket.cpp; sourceTree = SOURCE_ROOT; };
		ECF8674C7975F1063C5E30CA /* ofxGuiGroup.cpp */ = {isa = PBXFileReference; explicitFileType = sourcecode.cpp.cpp; fileEncoding = 30; name = ofxGuiGroup.cpp; path = ../../../addons/ofxGui/src/ofxGuiGroup.cpp; sourceTree = SOURCE_ROOT; };
		EFA729F2F65D97F65DB52E44 /* maxiFFT.h */ = {isa = PBXFileReference; explicitFileType = sourcecode.c.h; fileEncoding = 30; name = maxiFFT.h; path = ../../../addons/ofxMaxim/libs/maxiFFT.h; sourceTree = SOURCE_ROOT; };
		F3C78E7AB53E01022E9374A3 /* fft.cpp */ = {isa = PBXFileReference; explicitFileType = sourcecode.cpp.cpp; fileEncoding = 30; name = fft.cpp; path = ../../../addons/ofxMaxim/libs/fft.cpp; sourceTree = SOURCE_ROOT; };
		F4F5B6B8BA2BD52C646ED908 /* OscException.h */ = {isa = PBXFileReference; explicitFileType = sourcecode.c.h; fileEncoding = 30; name = OscException.h; path = ../../../addons/ofxOsc/libs/oscpack/src/osc/OscException.h; sourceTree = SOURCE_ROOT; };
		F59384ED57A7C6A7A8B0351D /* ofxDatGuiEvents.h */ = {isa = PBXFileReference; explicitFileType = sourcecode.c.h; fileEncoding = 30; name = ofxDatGuiEvents.h; path = ../../../addons/ofxDatGui/src/core/ofxDatGuiEvents.h; sourceTree = SOURCE_ROOT; };
		F634AA6CA2E3C60F3B87B59A /* ofxRtMidiIn.cpp */ = {isa = PBXFileReference; explicitFileType = sourcecode.cpp.cpp; fileEncoding = 30; name = ofxRtMidiIn.cpp; path = ../../../addons/ofxMidi/src/desktop/ofxRtMidiIn.cpp; sourceTree = SOURCE_ROOT; };
		F7FBC56859535E597B24BB91 /* NetworkingUtils.h */ = {isa = PBXFileReference; explicitFileType = sourcecode.c.h; fileEncoding = 30; name = NetworkingUtils.h; path = ../../../addons/ofxOsc/libs/oscpack/src/ip/NetworkingUtils.h; sourceTree = SOURCE_ROOT; };
		FB9E78A215D2BE59162DFA10 /* DatIndex.h */ = {isa = PBXFileReference; explicitFileType = sourcecode.c.h; fileEncoding = 30; name = DatIndex.h; path = src/DatIndex.h; sourceTree = SOURCE_ROOT; };
		FDA86F4C2F1F1964D35391C6 /* ofxDatGuiButton.h */ = {isa = PBXFileReference; explicitFileType = sourcecode.c.h; fileEncoding = 30; name = ofxDatGuiButton.h; path = ../../../addons/ofxDatGui/src/components/ofxDatGuiButton.h; sourceTree = SOURCE_ROOT; };
/* End PBXFileReference section */

/* Begin PBXFrameworksBuildPhase section */
		E4B69B590A3A1756003C02F2 /* Frameworks */ = {
			isa = PBXFrameworksBuildPhase;
			buildActionMask = 2147483647;
			files = (
				E4328149138ABC9F0047C5CB /* openFrameworksDebug.a in Frameworks */,
				631702104AFC104323A9EB79 /* CoreMIDI.framework in Frameworks */,
			);
			runOnlyForDeploymentPostprocessing = 0;
		};
/* End PBXFrameworksBuildPhase section */

/* Begin PBXGroup section */
		0EF29D3ABD6E4147AE024D7A /* ofxSmartFont */ = {
			isa = PBXGroup;
			children = (
				C954E0E8B7DB9D6983309883 /* ofxSmartFont.cpp */,
				896211FFD7650884437CE42C /* ofxSmartFont.h */,
			);
			name = ofxSmartFont;
			sourceTree = "<group>";
		};
		2413C01760B1811BED0F502D /* ofxMidi */ = {
			isa = PBXGroup;
			children = (
				9CBF51184BE294FD9D73043F /* src */,
				5A08CCDC8D19E7162DE57128 /* libs */,
				36D7EC7EF50E326EAC88A0AD /* frameworks */,
			);
			name = ofxMidi;
			sourceTree = "<group>";
		};
		30CB364908817057B430D528 /* osc */ = {
			isa = PBXGroup;
			children = (
				AE335EB4709BFD4671EEAC84 /* MessageMappingOscPacketListener.h */,
				F4F5B6B8BA2BD52C646ED908 /* OscException.h */,
				A2AAA8CA403479E6FCDF920E /* OscHostEndianness.h */,
				63A47AC60FFAFC3BF093EC0F /* OscOutboundPacketStream.cpp */,
				029684CF678F70F6D3537A29 /* OscOutboundPacketStream.h */,
				6B65E6930994CC4B2D2B8B33 /* OscPacketListener.h */,
				BC8881B3C8C0A1C45F042E7A /* OscPrintReceivedElements.cpp */,
				4E95FB446A9C9C6F0DE12D75 /* OscPrintReceivedElements.h */,
				9BF3AA0D4FAA89D0F8A0E545 /* OscReceivedElements.cpp */,
				20F35AFADAF0068B067E713F /* OscReceivedElements.h */,
				D9BFFBBF4CC43DEE890B3C3E /* OscTypes.cpp */,
				C6937888E126BADC8777423B /* OscTypes.h */,
			);
			name = osc;
			sourceTree = "<group>";
		};
		36D7EC7EF50E326EAC88A0AD /* frameworks */ = {
			isa = PBXGroup;
			children = (
				81AC32CCCB56FAABA3E1BDE0 /* CoreMIDI.framework */,
			);
			name = frameworks;
			sourceTree = "<group>";
		};
		38871A5825686AE018EC2BF0 /* libs */ = {
			isa = PBXGroup;
			children = (
				86D2677079A3AF4A5A88E29A /* oscpack */,
			);
			name = libs;
			sourceTree = "<group>";
		};
		46040C851D2DDFCA00B902FE /* Sequencer */ = {
			isa = PBXGroup;
			children = (
				68A91892A6BDCC0F278922E1 /* CircleButton.cpp */,
				3011F25AEA908AF8C13EECEC /* CircleButton.h */,
				B165337A72AED32E4D60AA05 /* circleStep.cpp */,
				5DCEB274CD80AE5980E8937D /* circleStep.h */,
				AC43C195D22AA0AEE501EB46 /* INF_Module.cpp */,
				57E998CF210A3C7DC57CDF19 /* INF_Module.h */,
				46BB97DE1D3BED7600129993 /* INF_Controls.cpp */,
				46BB97DF1D3BED7600129993 /* INF_Controls.hpp */,
				46E849051D48076C0068B18D /* INF_Transport.cpp */,
				46E849061D48076C0068B18D /* INF_Transport.h */,
			);
			name = Sequencer;
			sourceTree = "<group>";
		};
		46040C861D2DDFE000B902FE /* Networking */ = {
			isa = PBXGroup;
			children = (
				9414F8EC99B87D560BA598C6 /* INF_MIDI.cpp */,
				73E544A78A886271F37556E4 /* INF_MIDI.h */,
				A7099F8563F986F38D7BDE3A /* INF_OSC.cpp */,
				9D46FE36305D9C3E285A92A7 /* INF_OSC.h */,
			);
			name = Networking;
			sourceTree = "<group>";
		};
		480A780D8D0308AE4A368801 /* ofxGui */ = {
			isa = PBXGroup;
			children = (
				A763ED608B35AE3310251DEE /* src */,
			);
			name = ofxGui;
			sourceTree = "<group>";
		};
		4ACC32F17B7623DA048865D1 /* libs */ = {
			isa = PBXGroup;
			children = (
				F3C78E7AB53E01022E9374A3 /* fft.cpp */,
				BA5114869056DFF1A50CFA4A /* fft.h */,
				1EFA3ACBB8D16CC0DA1E79C6 /* maxiAtoms.cpp */,
				7D2CBAA6529BCE46CA661E02 /* maxiAtoms.h */,
				9B9936002B519C1290F25FEC /* maxiBark.cpp */,
				A67372B9CAED43269F8D42D3 /* maxiBark.h */,
				6A4EE0E35ED739A31CD0153E /* maxiFFT.cpp */,
				EFA729F2F65D97F65DB52E44 /* maxiFFT.h */,
				9D2FB19B70632A6F86622D94 /* maxiGrains.cpp */,
				4CFB659E40D3D3DC5A3E9478 /* maxiGrains.h */,
				440B2B891BD019685EF360B8 /* maxiMFCC.cpp */,
				D1C864AE2FE539BE7FD1F628 /* maxiMFCC.h */,
				87D3A0051CCB2C0F0ECA139E /* maximilian.cpp */,
				95C3AC11BE0AC7EC464D2A36 /* maximilian.h */,
				B34D3539DB6F889A78540F7C /* sineTable.h */,
				80CD68E0DDF2C60D2715CC78 /* stb_vorbis.c */,
				B2F326FA07783558EF3CDD2A /* stb_vorbis.h */,
			);
			name = libs;
			sourceTree = "<group>";
		};
		5A08CCDC8D19E7162DE57128 /* libs */ = {
			isa = PBXGroup;
			children = (
				945CEFADFB0DF400A92A507C /* rtmidi */,
			);
			name = libs;
			sourceTree = "<group>";
		};
		6234D3BCE87D1C3BA2230F19 /* ofxMaxim */ = {
			isa = PBXGroup;
			children = (
				8F6BFB59AB6D0A458C2F3C53 /* src */,
				4ACC32F17B7623DA048865D1 /* libs */,
			);
			name = ofxMaxim;
			sourceTree = "<group>";
		};
		641362CA659FAFEE4E81001B /* posix */ = {
			isa = PBXGroup;
			children = (
				3B361208CD4107E479F04E7B /* NetworkingUtils.cpp */,
				E6DEF695B88BA5FAACEAA937 /* UdpSocket.cpp */,
			);
			name = posix;
			sourceTree = "<group>";
		};
		69146F0BA46E48E576618E5E /* libs */ = {
			isa = PBXGroup;
			children = (
				0EF29D3ABD6E4147AE024D7A /* ofxSmartFont */,
			);
			name = libs;
			sourceTree = "<group>";
		};
		6948EE371B920CB800B5AC1A /* local_addons */ = {
			isa = PBXGroup;
			children = (
			);
			name = local_addons;
			sourceTree = "<group>";
		};
		79362BEDEB3134B7BDA3E4C1 /* ofxCenteredTrueTypeFont */ = {
			isa = PBXGroup;
			children = (
				B49B9D6C30702AD839414623 /* src */,
			);
			name = ofxCenteredTrueTypeFont;
			sourceTree = "<group>";
		};
		86D2677079A3AF4A5A88E29A /* oscpack */ = {
			isa = PBXGroup;
			children = (
				D27B2221A225CA523C019676 /* src */,
			);
			name = oscpack;
			sourceTree = "<group>";
		};
		8870759BC9CAEA1E4E9EA3A8 /* core */ = {
			isa = PBXGroup;
			children = (
				1A3E3B8F332A1A3C7EDF4998 /* ofxDatGuiComponent.cpp */,
				BCC84C6EB3417706F4F762F0 /* ofxDatGuiComponent.h */,
				9B5051062C6A871714E6F5F4 /* ofxDatGuiConstants.h */,
				F59384ED57A7C6A7A8B0351D /* ofxDatGuiEvents.h */,
				422C4E1AAC7EC4D30B17702D /* ofxDatGuiIntObject.h */,
			);
			name = core;
			sourceTree = "<group>";
		};
		8F6BFB59AB6D0A458C2F3C53 /* src */ = {
			isa = PBXGroup;
			children = (
				9312F3864ED05FC3E847FF69 /* ofxMaxim.h */,
			);
			name = src;
			sourceTree = "<group>";
		};
		911FE1C75E520EE70A7B4830 /* themes */ = {
			isa = PBXGroup;
			children = (
				B498F0559F473CF855EF6062 /* ofxDatGuiTheme.h */,
				21E1E3071CB7B11914428B62 /* ofxDatGuiThemes.h */,
			);
			name = themes;
			sourceTree = "<group>";
		};
		945CEFADFB0DF400A92A507C /* rtmidi */ = {
			isa = PBXGroup;
			children = (
				ABDEF0ACF05BF28F5C74E008 /* RtMidi.cpp */,
				A8793707281FD436C34316A5 /* RtMidi.h */,
			);
			name = rtmidi;
			sourceTree = "<group>";
		};
		947FCD1248D8B0A16B53C1AA /* components */ = {
			isa = PBXGroup;
			children = (
				902724601B82C6AD81BBCD71 /* ofxDatGui2dPad.h */,
				FDA86F4C2F1F1964D35391C6 /* ofxDatGuiButton.h */,
				C84ED7FCC017328C6F58283D /* ofxDatGuiColorPicker.h */,
				E100ED9DCB412957A879CD5A /* ofxDatGuiControls.h */,
				64C563B8158C37E9D07AE29D /* ofxDatGuiFRM.h */,
				744031A3E8F8DAF9FE6F3EA8 /* ofxDatGuiGroups.h */,
				787315438BF1DD00C81DF413 /* ofxDatGuiLabel.h */,
				CDF7278CB636137FE7BF91A5 /* ofxDatGuiMatrix.h */,
				545BBA6F6669BED2DA497BC6 /* ofxDatGuiScrollView.h */,
				D0D6A66BEBA820EA1D396889 /* ofxDatGuiSlider.h */,
				C085A33340AB0C1DB647AC2F /* ofxDatGuiTextInput.h */,
				04C339FF9ADCF05DF2DA62A3 /* ofxDatGuiTextInputField.h */,
				0A42C807BEF3A18E8E105A3B /* ofxDatGuiTimeGraph.h */,
			);
			name = components;
			sourceTree = "<group>";
		};
		99DED6A5D3EDE030B1A80348 /* desktop */ = {
			isa = PBXGroup;
			children = (
				F634AA6CA2E3C60F3B87B59A /* ofxRtMidiIn.cpp */,
				208298154B11456DCD0BE131 /* ofxRtMidiIn.h */,
				712B183BC00EBFFB1EEA5AB8 /* ofxRtMidiOut.cpp */,
				470CF04F1D4D1B38D5AA1797 /* ofxRtMidiOut.h */,
			);
			name = desktop;
			sourceTree = "<group>";
		};
		9CBF51184BE294FD9D73043F /* src */ = {
			isa = PBXGroup;
			children = (
				99DED6A5D3EDE030B1A80348 /* desktop */,
				94B3C3C21F92F9310CA90986 /* ofxBaseMidi.cpp */,
				4310BEFDE24FF04FEBEE8086 /* ofxBaseMidi.h */,
				E238CCDE032640E0FEBFAD82 /* ofxMidi.cpp */,
				05F6CF127D4A621113D4A62F /* ofxMidi.h */,
				938214A2795AA8FED29086DB /* ofxMidiConstants.h */,
				3DD359247F3ED1550D8BB5C9 /* ofxMidiIn.cpp */,
				B76FA489151DBAF1616DF378 /* ofxMidiIn.h */,
				C0E7EDA67EDF213FC0E83D17 /* ofxMidiMessage.cpp */,
				BD0E7AC8BE205034D5B377A6 /* ofxMidiMessage.h */,
				04F77E5C73A62E2E77C78EC6 /* ofxMidiOut.cpp */,
				81436E53CC4A77E326F659C3 /* ofxMidiOut.h */,
				E16BB73D19DD0713FDCC7986 /* ofxMidiTypes.h */,
			);
			name = src;
			sourceTree = "<group>";
		};
		A763ED608B35AE3310251DEE /* src */ = {
			isa = PBXGroup;
			children = (
				9604B925D32EE39065747725 /* ofxBaseGui.cpp */,
				87F26B4B24CBD428AD9EEBAA /* ofxBaseGui.h */,
				C88333E71C9457E441C33474 /* ofxButton.cpp */,
				2834D88A62CD23F3DE2C47D1 /* ofxButton.h */,
				17E65988300FBD9AAA2CD0CA /* ofxGui.h */,
				ECF8674C7975F1063C5E30CA /* ofxGuiGroup.cpp */,
				1C0DA2561397A7DE0246858B /* ofxGuiGroup.h */,
				78D67A00EB899FAC09430597 /* ofxLabel.cpp */,
				B87C60311EC1FE841C1ECD89 /* ofxLabel.h */,
				E112B3AEBEA2C091BF2B40AE /* ofxPanel.cpp */,
				89449E3044D456F7DE7BEA14 /* ofxPanel.h */,
				15F2C6477A769C03A56D1401 /* ofxSlider.cpp */,
				52AFA1F08C420992CAAAE648 /* ofxSlider.h */,
				802251BAF1B35B1D67B32FD0 /* ofxSliderGroup.cpp */,
				C70D8946940288799E82131E /* ofxSliderGroup.h */,
				907C5B5E104864A2D3A25745 /* ofxToggle.cpp */,
				0A1DAC09F322AE313A40706D /* ofxToggle.h */,
			);
			name = src;
			sourceTree = "<group>";
		};
		B49B9D6C30702AD839414623 /* src */ = {
			isa = PBXGroup;
			children = (
				08B4D373327B759468249F7E /* ofxCenteredTrueTypeFont.h */,
			);
			name = src;
			sourceTree = "<group>";
		};
		BB4B014C10F69532006C3DED /* addons */ = {
			isa = PBXGroup;
			children = (
				79362BEDEB3134B7BDA3E4C1 /* ofxCenteredTrueTypeFont */,
				D8DD1043C333F6F63C8685E6 /* ofxDatGui */,
				480A780D8D0308AE4A368801 /* ofxGui */,
				6234D3BCE87D1C3BA2230F19 /* ofxMaxim */,
				2413C01760B1811BED0F502D /* ofxMidi */,
				E6053AB7FEC63D5F83825B88 /* ofxOsc */,
			);
			name = addons;
			sourceTree = "<group>";
		};
		BD2F1A9F8D0C05EDB29122D0 /* src */ = {
			isa = PBXGroup;
			children = (
				00D6D32B84B099226431108C /* ofxOsc.h */,
				7689F8A0F3D0B7635A8C3104 /* ofxOscArg.h */,
				65EEFA3DA3526E9CDD9C21F9 /* ofxOscBundle.cpp */,
				8B30E93FD3D3475EED522A0E /* ofxOscBundle.h */,
				DF49D76C45D5DB505A234880 /* ofxOscMessage.cpp */,
				C58862C6D212C8E8A83810F4 /* ofxOscMessage.h */,
				0AED834CE4DEC5260AF302A2 /* ofxOscParameterSync.cpp */,
				B31C608870ECEB2490A93736 /* ofxOscParameterSync.h */,
				C2FAC65C491D4231379F3298 /* ofxOscReceiver.cpp */,
				8C75AFC8774A62495DD53464 /* ofxOscReceiver.h */,
				81967292BFC87A0144BD32C6 /* ofxOscSender.cpp */,
				9F7986DC4EB05E75FCE2C777 /* ofxOscSender.h */,
			);
			name = src;
			sourceTree = "<group>";
		};
		D27B2221A225CA523C019676 /* src */ = {
			isa = PBXGroup;
			children = (
				FF8CDF57858E9B94E3237115 /* ip */,
				30CB364908817057B430D528 /* osc */,
			);
			name = src;
			sourceTree = "<group>";
		};
		D8DD1043C333F6F63C8685E6 /* ofxDatGui */ = {
			isa = PBXGroup;
			children = (
				E9B32C117486580389FAFF01 /* src */,
			);
			name = ofxDatGui;
			sourceTree = "<group>";
		};
		E4328144138ABC890047C5CB /* Products */ = {
			isa = PBXGroup;
			children = (
				E4328148138ABC890047C5CB /* openFrameworksDebug.a */,
			);
			name = Products;
			sourceTree = "<group>";
		};
		E4B69B4A0A3A1720003C02F2 = {
			isa = PBXGroup;
			children = (
				E4B6FCAD0C3E899E008CF71C /* openFrameworks-Info.plist */,
				E4EB6923138AFD0F00A09F29 /* Project.xcconfig */,
				E4B69E1C0A3A1BDC003C02F2 /* src */,
				E4EEC9E9138DF44700A80321 /* openFrameworks */,
				BB4B014C10F69532006C3DED /* addons */,
				6948EE371B920CB800B5AC1A /* local_addons */,
				E4B69B5B0A3A1756003C02F2 /* Infinite_Machine_AlphaDebug.app */,
			);
			sourceTree = "<group>";
		};
		E4B69E1C0A3A1BDC003C02F2 /* src */ = {
			isa = PBXGroup;
			children = (
				46040C851D2DDFCA00B902FE /* Sequencer */,
				46040C861D2DDFE000B902FE /* Networking */,
				E4B69E1D0A3A1BDC003C02F2 /* main.cpp */,
				E4B69E1E0A3A1BDC003C02F2 /* ofApp.cpp */,
				E4B69E1F0A3A1BDC003C02F2 /* ofApp.h */,
				855E91FD53DF7F1F965CD390 /* Bjorklund.cpp */,
				DEF8405D8D9D8A9F362138B2 /* Bjorklund.h */,
				4448415E40740409C6DAEB22 /* Dat_Docker.cpp */,
				406489C76FF642F0D7A5F7BD /* Dat_Docker.h */,
				46E162266356FA3B71A5C741 /* DatButton.h */,
				46BB97DD1D3BE2F500129993 /* ButtonEvent.h */,
				7A38E9C2B2D99A1E32148449 /* DatIndex.cpp */,
				FB9E78A215D2BE59162DFA10 /* DatIndex.h */,
				9B08360F51D393EF2685DFC4 /* DatPanel.h */,
				41D2D13F01658E2E8F8EAE0E /* RoundedButton.cpp */,
				85ACE15C3C663588C685C4C4 /* RoundedButton.h */,
				3F64FC64F2B9A3BDFC5DDC55 /* INF_Utils.h */,
				B521B9FB89CB5F8B4D047B66 /* Note.h */,
				ACC6A2486A65B7A38E7E927E /* OSC_Note.h */,
			);
			path = src;
			sourceTree = SOURCE_ROOT;
		};
		E4EEC9E9138DF44700A80321 /* openFrameworks */ = {
			isa = PBXGroup;
			children = (
				E4EB691F138AFCF100A09F29 /* CoreOF.xcconfig */,
				E4328143138ABC890047C5CB /* openFrameworksLib.xcodeproj */,
			);
			name = openFrameworks;
			sourceTree = "<group>";
		};
		E6053AB7FEC63D5F83825B88 /* ofxOsc */ = {
			isa = PBXGroup;
			children = (
				BD2F1A9F8D0C05EDB29122D0 /* src */,
				38871A5825686AE018EC2BF0 /* libs */,
			);
			name = ofxOsc;
			sourceTree = "<group>";
		};
		E9B32C117486580389FAFF01 /* src */ = {
			isa = PBXGroup;
			children = (
				947FCD1248D8B0A16B53C1AA /* components */,
				8870759BC9CAEA1E4E9EA3A8 /* core */,
				69146F0BA46E48E576618E5E /* libs */,
				26490D7CC31EF7D6ED5F925A /* ofxDatGui.cpp */,
				9705D66270ED89ECA6E6FECE /* ofxDatGui.h */,
				911FE1C75E520EE70A7B4830 /* themes */,
			);
			name = src;
			sourceTree = "<group>";
		};
		FF8CDF57858E9B94E3237115 /* ip */ = {
			isa = PBXGroup;
			children = (
				ADD194746185E2DA11468377 /* IpEndpointName.cpp */,
				48974F980F51769171D0B2F5 /* IpEndpointName.h */,
				F7FBC56859535E597B24BB91 /* NetworkingUtils.h */,
				23640F57DF6C4BB6BFC5DA4C /* PacketListener.h */,
				641362CA659FAFEE4E81001B /* posix */,
				444657A12E59D0ED86981498 /* TimerListener.h */,
				2FD4B0329909D3527F003494 /* UdpSocket.h */,
			);
			name = ip;
			sourceTree = "<group>";
		};
/* End PBXGroup section */

/* Begin PBXNativeTarget section */
		E4B69B5A0A3A1756003C02F2 /* Infinite_Machine_Alpha */ = {
			isa = PBXNativeTarget;
			buildConfigurationList = E4B69B5F0A3A1757003C02F2 /* Build configuration list for PBXNativeTarget "Infinite_Machine_Alpha" */;
			buildPhases = (
				E4B69B580A3A1756003C02F2 /* Sources */,
				E4B69B590A3A1756003C02F2 /* Frameworks */,
				E4B6FFFD0C3F9AB9008CF71C /* ShellScript */,
				E4C2427710CC5ABF004149E2 /* CopyFiles */,
			);
			buildRules = (
			);
			dependencies = (
				E4EEB9AC138B136A00A80321 /* PBXTargetDependency */,
			);
			name = Infinite_Machine_Alpha;
			productName = myOFApp;
			productReference = E4B69B5B0A3A1756003C02F2 /* Infinite_Machine_AlphaDebug.app */;
			productType = "com.apple.product-type.application";
		};
/* End PBXNativeTarget section */

/* Begin PBXProject section */
		E4B69B4C0A3A1720003C02F2 /* Project object */ = {
			isa = PBXProject;
			attributes = {
				LastUpgradeCheck = 0600;
			};
			buildConfigurationList = E4B69B4D0A3A1720003C02F2 /* Build configuration list for PBXProject "Infinite_Machine_Alpha" */;
			compatibilityVersion = "Xcode 3.2";
			developmentRegion = English;
			hasScannedForEncodings = 0;
			knownRegions = (
				English,
				Japanese,
				French,
				German,
			);
			mainGroup = E4B69B4A0A3A1720003C02F2;
			productRefGroup = E4B69B4A0A3A1720003C02F2;
			projectDirPath = "";
			projectReferences = (
				{
					ProductGroup = E4328144138ABC890047C5CB /* Products */;
					ProjectRef = E4328143138ABC890047C5CB /* openFrameworksLib.xcodeproj */;
				},
			);
			projectRoot = "";
			targets = (
				E4B69B5A0A3A1756003C02F2 /* Infinite_Machine_Alpha */,
			);
		};
/* End PBXProject section */

/* Begin PBXReferenceProxy section */
		E4328148138ABC890047C5CB /* openFrameworksDebug.a */ = {
			isa = PBXReferenceProxy;
			fileType = archive.ar;
			path = openFrameworksDebug.a;
			remoteRef = E4328147138ABC890047C5CB /* PBXContainerItemProxy */;
			sourceTree = BUILT_PRODUCTS_DIR;
		};
/* End PBXReferenceProxy section */

/* Begin PBXShellScriptBuildPhase section */
		E4B6FFFD0C3F9AB9008CF71C /* ShellScript */ = {
			isa = PBXShellScriptBuildPhase;
			buildActionMask = 2147483647;
			files = (
			);
			inputPaths = (
			);
			outputPaths = (
			);
			runOnlyForDeploymentPostprocessing = 0;
			shellPath = /bin/sh;
			shellScript = "mkdir -p \"$TARGET_BUILD_DIR/$PRODUCT_NAME.app/Contents/Resources/\"\n# Copy default icon file into App/Resources\nrsync -aved \"$ICON_FILE\" \"$TARGET_BUILD_DIR/$PRODUCT_NAME.app/Contents/Resources/\"\n# Copy libfmod and change install directory for fmod to run\nrsync -aved ../../../libs/fmodex/lib/osx/libfmodex.dylib \"$TARGET_BUILD_DIR/$PRODUCT_NAME.app/Contents/Frameworks/\";\ninstall_name_tool -change @executable_path/libfmodex.dylib @executable_path/../Frameworks/libfmodex.dylib \"$TARGET_BUILD_DIR/$PRODUCT_NAME.app/Contents/MacOS/$PRODUCT_NAME\";\n# Copy GLUT framework (must remove for AppStore submissions)\nrsync -aved ../../../libs/glut/lib/osx/GLUT.framework \"$TARGET_BUILD_DIR/$PRODUCT_NAME.app/Contents/Frameworks/\"\n";
		};
/* End PBXShellScriptBuildPhase section */

/* Begin PBXSourcesBuildPhase section */
		E4B69B580A3A1756003C02F2 /* Sources */ = {
			isa = PBXSourcesBuildPhase;
			buildActionMask = 2147483647;
			files = (
				E4B69E200A3A1BDC003C02F2 /* main.cpp in Sources */,
				E4B69E210A3A1BDC003C02F2 /* ofApp.cpp in Sources */,
				840A58883380B43C41B86786 /* Bjorklund.cpp in Sources */,
				35FE521EC5F2C509C0449BF1 /* CircleButton.cpp in Sources */,
				26BCE1BAC12EDDA81570F8AB /* circleStep.cpp in Sources */,
				FF27ABB6A62C3CFD0CE7FBD4 /* Dat_Docker.cpp in Sources */,
				1BCC11164A407DD91096C68C /* DatIndex.cpp in Sources */,
				0E0963B78414BE0BC4F882BD /* INF_MIDI.cpp in Sources */,
				7CBEBDDA0EBAF5D13FD01AE5 /* INF_Module.cpp in Sources */,
				7D196664847FA74E1A3A5F48 /* INF_OSC.cpp in Sources */,
				DB46EA1E362BDB1441A2BD84 /* RoundedButton.cpp in Sources */,
				D3C1C48E59CAA2D68C0DD477 /* ofxDatGuiComponent.cpp in Sources */,
				9CF4130A7E6DA19A3DC42B9A /* ofxSmartFont.cpp in Sources */,
				C9466C434D1CF8AB968D298D /* ofxDatGui.cpp in Sources */,
				856AA354D08AB4B323081444 /* ofxBaseGui.cpp in Sources */,
				5CBB2AB3A60F65431D7B555D /* ofxButton.cpp in Sources */,
				B266578FC55D23BFEBC042E7 /* ofxGuiGroup.cpp in Sources */,
				483908258D00B98B4BE69F07 /* ofxLabel.cpp in Sources */,
				F285EB3169F1566CA3D93C20 /* ofxPanel.cpp in Sources */,
				837220E80EB56CD44AD27F2A /* ofxSlider.cpp in Sources */,
				B56FE57CC35806596D38118C /* ofxSliderGroup.cpp in Sources */,
				46E849071D48076C0068B18D /* INF_Transport.cpp in Sources */,
				1CD33E884D9E3358252E82A1 /* ofxToggle.cpp in Sources */,
				0FCED26D40D46CF89A58E54C /* fft.cpp in Sources */,
				5C4A4AA5D4784DF23EA43038 /* maxiAtoms.cpp in Sources */,
				ABA8875AF0C06690CC0B92B1 /* maxiBark.cpp in Sources */,
				96084990AF216648B8B98E00 /* maxiFFT.cpp in Sources */,
				AF0580829426DC6BCA135A5C /* maxiGrains.cpp in Sources */,
				083FB2094A4DE99F5A60397A /* maxiMFCC.cpp in Sources */,
				22F21CE3B902225374BA1CA2 /* maximilian.cpp in Sources */,
				9514C2D90467055B1447D074 /* stb_vorbis.c in Sources */,
				BCC8D420CBA9217E437D2D76 /* ofxRtMidiIn.cpp in Sources */,
				3AEFE4FA8AD5C72671AD07F8 /* ofxRtMidiOut.cpp in Sources */,
				1A86B7721CAEBC6F1C572C45 /* ofxBaseMidi.cpp in Sources */,
				63F9FE1D90234FA6DE6F509E /* ofxMidi.cpp in Sources */,
				0BFC9C20FD7E3C8D5873AA97 /* ofxMidiIn.cpp in Sources */,
				C6FE64F74F1EA1D98C8F9847 /* ofxMidiMessage.cpp in Sources */,
				83D9F930112E0944444124EE /* ofxMidiOut.cpp in Sources */,
				63D0FD8734D5760B8080C901 /* RtMidi.cpp in Sources */,
				72A929D3561B8232A182ABFC /* ofxOscBundle.cpp in Sources */,
				5864AD82E20F15536D054EA3 /* ofxOscMessage.cpp in Sources */,
				4ADB88E2FB52E76A471065DE /* ofxOscParameterSync.cpp in Sources */,
				640279EE111671BD026CB013 /* ofxOscReceiver.cpp in Sources */,
				8F5205AEF8861EF234F0651A /* ofxOscSender.cpp in Sources */,
				ADE367465D2A8EBAD4C7A8D9 /* IpEndpointName.cpp in Sources */,
				67FE4C7B15C2F0478C8126C2 /* NetworkingUtils.cpp in Sources */,
				510CAFE035E576A4E1502D52 /* UdpSocket.cpp in Sources */,
				62545D179C94265CA1389D4A /* OscOutboundPacketStream.cpp in Sources */,
				C4782ECC372420ACE0615B74 /* OscPrintReceivedElements.cpp in Sources */,
				0546D1A38E13BD319CC9755B /* OscReceivedElements.cpp in Sources */,
				879A251454401BC0B6E4F238 /* OscTypes.cpp in Sources */,
				46BB97E01D3BED7600129993 /* INF_Controls.cpp in Sources */,
			);
			runOnlyForDeploymentPostprocessing = 0;
		};
/* End PBXSourcesBuildPhase section */

/* Begin PBXTargetDependency section */
		E4EEB9AC138B136A00A80321 /* PBXTargetDependency */ = {
			isa = PBXTargetDependency;
			name = openFrameworks;
			targetProxy = E4EEB9AB138B136A00A80321 /* PBXContainerItemProxy */;
		};
/* End PBXTargetDependency section */

/* Begin XCBuildConfiguration section */
		E4B69B4E0A3A1720003C02F2 /* Debug */ = {
			isa = XCBuildConfiguration;
			baseConfigurationReference = E4EB6923138AFD0F00A09F29 /* Project.xcconfig */;
			buildSettings = {
				CONFIGURATION_BUILD_DIR = "$(SRCROOT)/bin/";
				COPY_PHASE_STRIP = NO;
				DEAD_CODE_STRIPPING = YES;
				GCC_AUTO_VECTORIZATION = YES;
				GCC_ENABLE_SSE3_EXTENSIONS = YES;
				GCC_ENABLE_SUPPLEMENTAL_SSE3_INSTRUCTIONS = YES;
				GCC_INLINES_ARE_PRIVATE_EXTERN = NO;
				GCC_OPTIMIZATION_LEVEL = 0;
				GCC_SYMBOLS_PRIVATE_EXTERN = NO;
				GCC_WARN_ABOUT_DEPRECATED_FUNCTIONS = YES;
				GCC_WARN_ABOUT_INVALID_OFFSETOF_MACRO = NO;
				GCC_WARN_ALLOW_INCOMPLETE_PROTOCOL = NO;
				GCC_WARN_UNINITIALIZED_AUTOS = NO;
				GCC_WARN_UNUSED_VALUE = NO;
				GCC_WARN_UNUSED_VARIABLE = NO;
				HEADER_SEARCH_PATHS = (
					"$(OF_CORE_HEADERS)",
					src,
					../../../addons/ofxCenteredTrueTypeFont/src,
					../../../addons/ofxDatGui/src,
					../../../addons/ofxDatGui/src/components,
					../../../addons/ofxDatGui/src/core,
					../../../addons/ofxDatGui/src/libs,
					../../../addons/ofxDatGui/src/libs/ofxSmartFont,
					../../../addons/ofxDatGui/src/themes,
					../../../addons/ofxGui/src,
					../../../addons/ofxMaxim/libs,
					../../../addons/ofxMaxim/src,
					../../../addons/ofxMidi/libs,
					../../../addons/ofxMidi/libs/pgmidi,
					../../../addons/ofxMidi/libs/rtmidi,
					../../../addons/ofxMidi/src,
					../../../addons/ofxMidi/src/desktop,
					../../../addons/ofxMidi/src/ios,
					../../../addons/ofxOsc/libs,
					../../../addons/ofxOsc/libs/oscpack,
					../../../addons/ofxOsc/libs/oscpack/src,
					../../../addons/ofxOsc/libs/oscpack/src/ip,
					../../../addons/ofxOsc/libs/oscpack/src/ip/posix,
					../../../addons/ofxOsc/libs/oscpack/src/ip/win32,
					../../../addons/ofxOsc/libs/oscpack/src/osc,
					../../../addons/ofxOsc/src,
				);
				MACOSX_DEPLOYMENT_TARGET = 10.8;
				ONLY_ACTIVE_ARCH = YES;
				OTHER_CPLUSPLUSFLAGS = (
					"-D__MACOSX_CORE__",
					"-mtune=native",
				);
				SDKROOT = macosx;
			};
			name = Debug;
		};
		E4B69B4F0A3A1720003C02F2 /* Release */ = {
			isa = XCBuildConfiguration;
			baseConfigurationReference = E4EB6923138AFD0F00A09F29 /* Project.xcconfig */;
			buildSettings = {
				CONFIGURATION_BUILD_DIR = "$(SRCROOT)/bin/";
				COPY_PHASE_STRIP = YES;
				DEAD_CODE_STRIPPING = YES;
				GCC_AUTO_VECTORIZATION = YES;
				GCC_ENABLE_SSE3_EXTENSIONS = YES;
				GCC_ENABLE_SUPPLEMENTAL_SSE3_INSTRUCTIONS = YES;
				GCC_INLINES_ARE_PRIVATE_EXTERN = NO;
				GCC_OPTIMIZATION_LEVEL = 3;
				GCC_SYMBOLS_PRIVATE_EXTERN = NO;
				GCC_UNROLL_LOOPS = YES;
				GCC_WARN_ABOUT_DEPRECATED_FUNCTIONS = YES;
				GCC_WARN_ABOUT_INVALID_OFFSETOF_MACRO = NO;
				GCC_WARN_ALLOW_INCOMPLETE_PROTOCOL = NO;
				GCC_WARN_UNINITIALIZED_AUTOS = NO;
				GCC_WARN_UNUSED_VALUE = NO;
				GCC_WARN_UNUSED_VARIABLE = NO;
				HEADER_SEARCH_PATHS = (
					"$(OF_CORE_HEADERS)",
					src,
					../../../addons/ofxCenteredTrueTypeFont/src,
					../../../addons/ofxDatGui/src,
					../../../addons/ofxDatGui/src/components,
					../../../addons/ofxDatGui/src/core,
					../../../addons/ofxDatGui/src/libs,
					../../../addons/ofxDatGui/src/libs/ofxSmartFont,
					../../../addons/ofxDatGui/src/themes,
					../../../addons/ofxGui/src,
					../../../addons/ofxMaxim/libs,
					../../../addons/ofxMaxim/src,
					../../../addons/ofxMidi/libs,
					../../../addons/ofxMidi/libs/pgmidi,
					../../../addons/ofxMidi/libs/rtmidi,
					../../../addons/ofxMidi/src,
					../../../addons/ofxMidi/src/desktop,
					../../../addons/ofxMidi/src/ios,
					../../../addons/ofxOsc/libs,
					../../../addons/ofxOsc/libs/oscpack,
					../../../addons/ofxOsc/libs/oscpack/src,
					../../../addons/ofxOsc/libs/oscpack/src/ip,
					../../../addons/ofxOsc/libs/oscpack/src/ip/posix,
					../../../addons/ofxOsc/libs/oscpack/src/ip/win32,
					../../../addons/ofxOsc/libs/oscpack/src/osc,
					../../../addons/ofxOsc/src,
				);
				MACOSX_DEPLOYMENT_TARGET = 10.8;
				OTHER_CPLUSPLUSFLAGS = (
					"-D__MACOSX_CORE__",
					"-mtune=native",
				);
				SDKROOT = macosx;
			};
			name = Release;
		};
		E4B69B600A3A1757003C02F2 /* Debug */ = {
			isa = XCBuildConfiguration;
			baseConfigurationReference = E4EB6923138AFD0F00A09F29 /* Project.xcconfig */;
			buildSettings = {
				COMBINE_HIDPI_IMAGES = YES;
				COPY_PHASE_STRIP = NO;
				FRAMEWORK_SEARCH_PATHS = (
					"$(inherited)",
					"$(FRAMEWORK_SEARCH_PATHS_QUOTED_FOR_TARGET_1)",
					/System/Library/Frameworks,
				);
				FRAMEWORK_SEARCH_PATHS_QUOTED_FOR_TARGET_1 = "\"$(SRCROOT)/../../../libs/glut/lib/osx\"";
				GCC_DYNAMIC_NO_PIC = NO;
				GCC_GENERATE_DEBUGGING_SYMBOLS = YES;
				GCC_MODEL_TUNING = NONE;
				HEADER_SEARCH_PATHS = (
					"$(OF_CORE_HEADERS)",
					src,
					../../../addons/ofxCenteredTrueTypeFont/src,
					../../../addons/ofxDatGui/src,
					../../../addons/ofxDatGui/src/components,
					../../../addons/ofxDatGui/src/core,
					../../../addons/ofxDatGui/src/libs,
					../../../addons/ofxDatGui/src/libs/ofxSmartFont,
					../../../addons/ofxDatGui/src/themes,
					../../../addons/ofxGui/src,
					../../../addons/ofxMaxim/libs,
					../../../addons/ofxMaxim/src,
					../../../addons/ofxMidi/libs,
					../../../addons/ofxMidi/libs/pgmidi,
					../../../addons/ofxMidi/libs/rtmidi,
					../../../addons/ofxMidi/src,
					../../../addons/ofxMidi/src/desktop,
					../../../addons/ofxMidi/src/ios,
					../../../addons/ofxOsc/libs,
					../../../addons/ofxOsc/libs/oscpack,
					../../../addons/ofxOsc/libs/oscpack/src,
					../../../addons/ofxOsc/libs/oscpack/src/ip,
					../../../addons/ofxOsc/libs/oscpack/src/ip/posix,
					../../../addons/ofxOsc/libs/oscpack/src/ip/win32,
					../../../addons/ofxOsc/libs/oscpack/src/osc,
					../../../addons/ofxOsc/src,
				);
				ICON = "$(ICON_NAME_DEBUG)";
				ICON_FILE = "$(ICON_FILE_PATH)$(ICON)";
				INFOPLIST_FILE = "openFrameworks-Info.plist";
				INSTALL_PATH = /Applications;
				LIBRARY_SEARCH_PATHS = "$(inherited)";
				PRODUCT_NAME = "$(TARGET_NAME)Debug";
				WRAPPER_EXTENSION = app;
			};
			name = Debug;
		};
		E4B69B610A3A1757003C02F2 /* Release */ = {
			isa = XCBuildConfiguration;
			baseConfigurationReference = E4EB6923138AFD0F00A09F29 /* Project.xcconfig */;
			buildSettings = {
				COMBINE_HIDPI_IMAGES = YES;
				COPY_PHASE_STRIP = YES;
				FRAMEWORK_SEARCH_PATHS = (
					"$(inherited)",
					"$(FRAMEWORK_SEARCH_PATHS_QUOTED_FOR_TARGET_1)",
					/System/Library/Frameworks,
				);
				FRAMEWORK_SEARCH_PATHS_QUOTED_FOR_TARGET_1 = "\"$(SRCROOT)/../../../libs/glut/lib/osx\"";
				GCC_GENERATE_DEBUGGING_SYMBOLS = YES;
				GCC_MODEL_TUNING = NONE;
				HEADER_SEARCH_PATHS = (
					"$(OF_CORE_HEADERS)",
					src,
					../../../addons/ofxCenteredTrueTypeFont/src,
					../../../addons/ofxDatGui/src,
					../../../addons/ofxDatGui/src/components,
					../../../addons/ofxDatGui/src/core,
					../../../addons/ofxDatGui/src/libs,
					../../../addons/ofxDatGui/src/libs/ofxSmartFont,
					../../../addons/ofxDatGui/src/themes,
					../../../addons/ofxGui/src,
					../../../addons/ofxMaxim/libs,
					../../../addons/ofxMaxim/src,
					../../../addons/ofxMidi/libs,
					../../../addons/ofxMidi/libs/pgmidi,
					../../../addons/ofxMidi/libs/rtmidi,
					../../../addons/ofxMidi/src,
					../../../addons/ofxMidi/src/desktop,
					../../../addons/ofxMidi/src/ios,
					../../../addons/ofxOsc/libs,
					../../../addons/ofxOsc/libs/oscpack,
					../../../addons/ofxOsc/libs/oscpack/src,
					../../../addons/ofxOsc/libs/oscpack/src/ip,
					../../../addons/ofxOsc/libs/oscpack/src/ip/posix,
					../../../addons/ofxOsc/libs/oscpack/src/ip/win32,
					../../../addons/ofxOsc/libs/oscpack/src/osc,
					../../../addons/ofxOsc/src,
				);
				ICON = "$(ICON_NAME_RELEASE)";
				ICON_FILE = "$(ICON_FILE_PATH)$(ICON)";
				INFOPLIST_FILE = "openFrameworks-Info.plist";
				INSTALL_PATH = /Applications;
				LIBRARY_SEARCH_PATHS = "$(inherited)";
				PRODUCT_NAME = "$(TARGET_NAME)";
				WRAPPER_EXTENSION = app;
				baseConfigurationReference = E4EB6923138AFD0F00A09F29;
			};
			name = Release;
		};
/* End XCBuildConfiguration section */

/* Begin XCConfigurationList section */
		E4B69B4D0A3A1720003C02F2 /* Build configuration list for PBXProject "Infinite_Machine_Alpha" */ = {
			isa = XCConfigurationList;
			buildConfigurations = (
				E4B69B4E0A3A1720003C02F2 /* Debug */,
				E4B69B4F0A3A1720003C02F2 /* Release */,
			);
			defaultConfigurationIsVisible = 0;
			defaultConfigurationName = Release;
		};
		E4B69B5F0A3A1757003C02F2 /* Build configuration list for PBXNativeTarget "Infinite_Machine_Alpha" */ = {
			isa = XCConfigurationList;
			buildConfigurations = (
				E4B69B600A3A1757003C02F2 /* Debug */,
				E4B69B610A3A1757003C02F2 /* Release */,
			);
			defaultConfigurationIsVisible = 0;
			defaultConfigurationName = Release;
		};
/* End XCConfigurationList section */
	};
	rootObject = E4B69B4C0A3A1720003C02F2 /* Project object */;
}
